{
  "version": 4,
  "terraform_version": "1.1.7",
  "serial": 191,
  "lineage": "5563ec6b-0d0c-36a6-a93f-1be1a47b854d",
  "outputs": {
    "acr_id": {
      "value": "/subscriptions/9bdfaca1-a3d4-48ac-bfe2-7c09941bf920/resourceGroups/prometheus/providers/Microsoft.ContainerRegistry/registries/myacr3210201020",
      "type": "string"
    },
    "acr_login_server": {
      "value": "myacr3210201020.azurecr.io",
      "type": "string"
    },
    "aks_fqdn": {
      "value": "dserbeniuk-b648a351.hcp.westus2.azmk8s.io",
      "type": "string"
    },
    "aks_id": {
      "value": "/subscriptions/9bdfaca1-a3d4-48ac-bfe2-7c09941bf920/resourceGroups/prometheus/providers/Microsoft.ContainerService/managedClusters/dserbeniuk",
      "type": "string"
    },
    "aks_node_rg": {
      "value": "MC_prometheus_dserbeniuk_westus2",
      "type": "string"
    },
    "client_certificate": {
      "value": "LS0tLS1CRUdJTiBDRVJUSUZJQ0FURS0tLS0tCk1JSUZIVENDQXdXZ0F3SUJBZ0lRTytZRE5pMVBrNVY2THhnaGhEZGgwakFOQmdrcWhraUc5dzBCQVFzRkFEQU4KTVFzd0NRWURWUVFERXdKallUQWVGdzB5TWpBek1UVXhPVEUwTkROYUZ3MHlOREF6TVRVeE9USTBORE5hTURBeApGekFWQmdOVkJBb1REbk41YzNSbGJUcHRZWE4wWlhKek1SVXdFd1lEVlFRREV3eHRZWE4wWlhKamJHbGxiblF3CmdnSWlNQTBHQ1NxR1NJYjNEUUVCQVFVQUE0SUNEd0F3Z2dJS0FvSUNBUURDK1Nsc0lVQVVtczEvbkJJS1M2TXkKUlhITWdGWGVGaEliaXhwaEROOEQyeWJ2QmdoMHVncms4UzA2UzdTdG54T211ZnJPbkxJTU80aXN0YjE2Ylh5UAp1UFJYTjFibU8yd3J2OWQ0QzFIQWVGUVBUL21Ga095WWpCMDRyWnRIYUZYeGw4V2FxZEVKeWxFSVVRRXlmSGhBCnpsVDlydGxGcHRDdjhGdStFY1VpblV0c0psZTB0Tzl6Zmd5U1NtU0Q2bVpwdExxSm5RR1E4dEpjbnVOaTBudlgKejVTcWZneUtKWVo5Qlc3aDltTVRQbUNwMno2WEJreVdIYzZkbGNFTjFhT2kyb28vYkMxV3k4emQ3N1lWZXNFcAppZXA4SEMxaWlHTjhzQlVMZEp1KzNzTml5dnBFYjVHalhTU1l2ZTRhV1hjSDU0dVJXMHQ5TjhZRmprN2dTWklCCjZucGZPUG82SFZWaStGMjdWR1QyWVpPZ0xCK0ZrMmhLTGFDWUhiVmRldGFhVW5QNjBLVStRSUoyL0FaZkNabWYKTzBOY3ZiWXVNZFJ1ZzdhbnJIcVhzRG04c2UrWEF3dk1xTDFUK0U1djRTaWlPcWNLa04wUzU3MGt4akJodUtnRwpVSUtnVElEaWJmSG1MOGFocmVkYUhDcVkyYVJpTzVjVlBTM1h2cE5vV2RVSlhCNVlUTEVwcmI1Z1BRWHMvRXZJClc1VE1XbjlUZWVvdkloa29sbXR1QVJoSll4NWpOb2ljOFBoNFZBdWlkTGRqbFlmaVg3aU8zYmU3bVQwbWI2Z1QKNFFOeFV4a3kvbksrZjdmaUZoRXVXZ1JHTGZxZ0o5NTlFNDduY2dnVjNtVCtRVWxwLy9aY205OVpJVUVENFpGZApmUmZ3YzRNSVlraUpDYnlwMXNCR2t3SURBUUFCbzFZd1ZEQU9CZ05WSFE4QkFmOEVCQU1DQmFBd0V3WURWUjBsCkJBd3dDZ1lJS3dZQkJRVUhBd0l3REFZRFZSMFRBUUgvQkFJd0FEQWZCZ05WSFNNRUdEQVdnQlJxODRKRG8yQ0kKZkczNTdPclU2Sk9LSGpRT3dUQU5CZ2txaGtpRzl3MEJBUXNGQUFPQ0FnRUF6MFZscHB1emdOdkpOa3NFb2p3Kwp0a2ZJWUlINTJPb3NodHgrUUVKdFMzNDVUYWUwRXphYlVkSGlyMXhXc0tUNmJXNjhya1JKdnd2QmdzTFlhdjZxCjNjYy9TZHNHc1FRdVE3NVFMQWk3T3krS0poOU9qWWtWcmhTWXozVnRaM0Q1NEduVU9ETU9HVkJTamVzaXJlT2wKOHhnL0lGb0RwMWxwK1hRTlZNbWE0WG5lWDZ3eklvTFBSZ0dNQ3Zaa2FEV1BSVDFZY0Y1UHVRSExzeW40Sm9tNAp6dVhMeVBZVTJZZWdoUk12aUtVUEl2VjI0bHpTZGdrOVNKUVpZZGdXQUZINmplMmN5M3B1QngveW1oSGhrSVplClk2ZDlReVpjaWw2eWhmVGlpMjlsd0VPY3pQSnhkNU5WSGIwMmhwamp1bzdBL05zdGVqNXR5M3JZSEhyaTJLVnkKTFBkVHQwNXlBVHM3ZkJ3MmN3QWtSTHRyN2c0dHZZb2o4NDlVdVdSTDZidzc5MFQ1Um5IRUh2WDVoRk5iUXZpNwowMHlBd1BtbzlDZm1KUWFtenZxMTJFdG9LVHE0VktVeEo5QkJoaFhuVDUya2dJQTRKc3NmSXhKUjFNVEJLSURUCmFlSUFPOU1LSGV6N3VWNms3Rjd4SUcwbVUwalA1VzVVcWt5YXpObklwS0NreDhLeUN2dFd3akozYldmT2N2ZGQKS0piMUcrcTYxejJ1azB0VFlNNWdGOXdidDEwODI0YnkreFc1aW1zVW5RT01CVFFZUE9iMHdsRXk2UDRuZWRpZApnRjN3YUJMQmNIS3hKb3NPL3JlRXhrMG05ME1nK0J1NWhPM3ZtNFBWUFp5NXpobCtlZ3ViNk8yUXhyQUkvaWt4CnNnQlNVMzVLM3BiekdSSnMxQXpzR0k0PQotLS0tLUVORCBDRVJUSUZJQ0FURS0tLS0tCg==",
      "type": "string"
    },
    "client_key": {
      "value": "LS0tLS1CRUdJTiBSU0EgUFJJVkFURSBLRVktLS0tLQpNSUlKS0FJQkFBS0NBZ0VBd3ZrcGJDRkFGSnJOZjV3U0NrdWpNa1Z4eklCVjNoWVNHNHNhWVF6ZkE5c203d1lJCmRMb0s1UEV0T2t1MHJaOFRwcm42enB5eUREdUlyTFc5ZW0xOGo3ajBWemRXNWp0c0s3L1hlQXRSd0hoVUQwLzUKaFpEc21Jd2RPSzJiUjJoVjhaZkZtcW5SQ2NwUkNGRUJNbng0UU01VS9hN1pSYWJRci9CYnZoSEZJcDFMYkNaWAp0TFR2YzM0TWtrcGtnK3BtYWJTNmlaMEJrUExTWEo3all0SjcxOCtVcW40TWlpV0dmUVZ1NGZaakV6NWdxZHMrCmx3Wk1saDNPblpYQkRkV2pvdHFLUDJ3dFZzdk0zZSsyRlhyQktZbnFmQnd0WW9oamZMQVZDM1NidnQ3RFlzcjYKUkcrUm8xMGttTDN1R2xsM0IrZUxrVnRMZlRmR0JZNU80RW1TQWVwNlh6ajZPaDFWWXZoZHUxUms5bUdUb0N3ZgpoWk5vU2kyZ21CMjFYWHJXbWxKeit0Q2xQa0NDZHZ3R1h3bVpuenREWEwyMkxqSFVib08ycDZ4Nmw3QTV2TEh2Cmx3TUx6S2k5VS9oT2IrRW9vanFuQ3BEZEV1ZTlKTVl3WWJpb0JsQ0NvRXlBNG0zeDVpL0dvYTNuV2h3cW1ObWsKWWp1WEZUMHQxNzZUYUZuVkNWd2VXRXl4S2EyK1lEMEY3UHhMeUZ1VXpGcC9VM25xTHlJWktKWnJiZ0VZU1dNZQpZemFJblBENGVGUUxvblMzWTVXSDRsKzRqdDIzdTVrOUptK29FK0VEY1ZNWk12NXl2biszNGhZUkxsb0VSaTM2Cm9DZmVmUk9PNTNJSUZkNWsva0ZKYWYvMlhKdmZXU0ZCQStHUlhYMFg4SE9EQ0dKSWlRbThxZGJBUnBNQ0F3RUEKQVFLQ0FnQTZrbStITkZYejJxMXhjSWxhM200Z1pBeFR5eG9BcGRDNnhZY2ZNS2F1bWQrUVh0ZWJlV2hjYnJlUAprNzZyaWVaMVo5bVl5Q29VMHEyMGRNUi9TdlRvbUQrUEUramZNV3JGbWRRNUUrMXpUTEswQnVxRzNZcTJLU0YrCkxXbEFnbStQTEhFSWpZdG16WWlhWHZ0bEYwOW82Sk5Qd244ekZYSUw2TUVtMEYvUWprQmlOUUtVSHVid1l5V1QKclJXVks0Mm9vOHFHSE15anBzN2JWRUFySitCY2JOZlVnQmwwUnVHb0hVRzZVREpqVFpIc2RSalFkZXY4RE9oTgpIdmZvR0E0WWxsNkJ2eFcveFdtK0lvMG8xci9Bb3RYMmd1Qi9nVW1oNDZQdTFSRVV2Z2NrWHFYZ2VVUGZOOVFPCnJzQWcyaytQNkZkZFMzZmFIaTgyN0JGMS82UUV0OSsxK0tTa1FrNUVPWnYwYWVLZFBvY1JiL2xudGdUQjI0d1MKdnV6Smg2TlYyKzlEaGRuc1BHeVJUQU44VnlZMHMwVGhrTmdPNDdxNmFMRWV6N0NjSFl3Ty95RE9mQjh5ODA1MQpUZ3VzczhxMnNvSzRzaHVUWm56d3pjV2h1RXpUWm9JejgrNmZzRGNtZW1rN09hSVl0a0l5c3htNFdGMnY2dlYwCmdWYUNBUFRHN1EvVzgzbHo3RFdxM2hZeS93WmtuL3JkdmJ3SVE5cjN1NW94Rm83akI2NktCSTV5aW40QWxMTm4KRTdCVzNTZWtZcjVUOFdQdTVMTm85V2V4Nzc0UHBiTDd6aVpKb1c0bk51clJ1c3FWQXV6MFY2RDBiVnVZelJuUQpnRGpTRmxhZnRleWliVlNoQWRVbkpOSC9ZcWRVVk5Jc2FKRWlZSVJ3VHpMbWhHUnhBUUtDQVFFQXd6dzBwQTNICnIwNUVVbkQvM1Jwek9tSVVnLzZHTFB3YTJKaWtsTWJRd1crY2ZVQ1hGZkc4dHZ3Q2FhWFgxcktHdW5KTHRHQWIKR1gxZGdGdzEwTzNmUXNKMzRKZmszQkJlSmQ0akx0WGZ1OGdoWVAya0oyL0pFR1JkRDlselMvM3IyandSOU9vYwo0ZFY1ZnVuZUVVUlFaL2xVQ25MTVNTWUhMUWx4WTlsK2hFQVdnYi81eXA4R3dxWnR6MlRxS3Q4MnYxREFpVER0CkZhRGEyUGhBcXRrMHdSUnkxelovUk54M09jaWNhcEVYWmtGTEl3a3IyYXVvcWxZUkUvTnFIUDFSSVkzVlVFSm4KaGEvQ0l5TkN5d1JKS3B0ZGNqY2JIdzU1R2xOMHJZTG5TcG94ZFhsZVFQK0tUWE1EcVNFdzhuMmZ0ZC9IVHBHWgpCUkpGUFdXdCsrcUZVUUtDQVFFQS82Z1c2clZhN3pEMHVvVFcyaUFWRlFtWjY1cEswdmJaVFNiNDU3UGYvU2x4ClRyeWFSbFU3OTZ6RDd2L0lTR2IrWDlJbDN0K3pQYW5KNjh4Yks0ejdwbmZWZU5KZXFYVHhQRGpacVZDdnhwNnQKTXpUMDl0ZWgwVThkZnVweE5UMC9XTU9wMUJJWWQvSWFzMXpZeTVZQksxMWNxbXFMbnlVZFdKT0F5cmcwb2pYZgpsYnJMRUpPbkRzQ3ZFNktwU21KdVhpdThCanNUNXpXRXJNSGZSc3lwN09GaWFyZHRjeXg0c01vdC8yOWhLdnVrCkE4ZUx4aUZJczdjMEJ6UTJKQkNiWU41WFBNQ2tEUDgwNGxQT3dqUlNpNmNGTFJSbGlaZW92STJOcnQzSGdHOUoKQzFCbng5Ri91M2FEOFJhQzRVSkFzRnFUaGlIZkVDV0JwUG81cDA0a293S0NBUUE2S2tTd241NWZQeDBoeHFLago5ODVlbFh2eE96STBVc09ZeGhrNmJlVWh6Q08rT1RFS0M2UWlqQUFZQTUzRFRCclJqMTI0bG0xY2Nib2FsTjQvCnFhNjdULzZ3L2Uva0ZFaElWZDc3aENLTTZubnZVSUhJY2doZ0J0YW04eXpqZGZuL1lhZ2o1Ri9JZEhZbTludi8KZnUvSm1rR01mMWtYYmVuelkvM1JOcW4zc3JSQjRiVUV4YzRZemNhblpEUlRvMzdIRHNMZDNLSzFyOStqaG9xVgptL0tZbDRRRFZDd2trdDQrYStNVjZMWWs4OHp6Mmphak9mNGRDVms3TFdqdXpCV1F2cFhQdklqbERsRHpjUHprClNSbVhSUVJaRTh2VHU5Y2VuY0NFTlJ5OVlDVGVEOU9oMzhBUGhQV1JQTjg5VDJuMm9IM2JqWXNlTkt4R04zWFgKT0s2UkFvSUJBQjBkMzc1TGVWZlVrNHJLcGsyaGFjVkRtcXdpbm5MNGVqYzNRUkhpZ3BncXFDVDNoZnFNcW8vQwp0VzM2NDZ5YlRrMUxlZFN3VlpHb1RMNzJQMHZ1ZXBxeSt6VVBnSWg4TVIxU3ZEZDBZUkNWOGRQckxCc1E0L1VhCnRabEd5aTN1RTlEZ04rOVhRRUlvNkxHVTJYd1dVWHZHM2s3cVk0eDBoYXNZNFlvMUFJbVk2U1g4YURRekhNdXAKVmtjK04xbXBiRGg5Y3FTakJkbEhWeHoxMTZBUW55bkRZWm9WMmZsTUQxTFRNL25yalgxL3UyWlN5N0I5Q2ZLdAo0dGNQTXp0WVNObjNlS2dLcUtSeVRHdWFiK25lVzZoY0ZWTFZCOXRyMG1QbkcwUFhMbW1LUXg5dXdPTVpFUnNnCm5GWlE0Z2NWckpocE9IUUdWNGxYUERTMTZ1c0xFMUVDZ2dFQkFLR1p6cWdSQkVNUmR1b0dhWWZwTTU0VkFGYXAKd2xhRzB3TitQdEN3ZTRVU1dDTUFGVHdhblU1YWJSSHFDUDBOc0djR0VKU3lRMmUvd3p2NkJNTFBpVmJuMHJPagpuemRPc0ZDbnJnd3BTVThRbGNFdFlyYmFwSmtOOGlraFRQK1ljSFlmM2tpeGZYZCtSNmxmR3VuR0ljU2Z0SnFVCm12WWoyY2lMOFNsRUJnSG9WNjdOdXdPS2xPT3BwdUdmZmx0cGY0L1I5anV2L0FMS3hxT0U0OTZqd1VWUHdVWTAKd0VoUU1lVGMwWWFhUzJaYml4NVEyZWZUOTBUY1VPbmdETHlFbG9NNWsrMk8vTUE5MHQ3SEZObGtWb2JWc0JPWgpQUkU2NnY2UGJVTm9jZTQvQ1VDcVhtZDJJOE1peEhWQkZ1c283bEVKZ2srbG9DYTBjaEF0Z3BLbG1GUT0KLS0tLS1FTkQgUlNBIFBSSVZBVEUgS0VZLS0tLS0K",
      "type": "string"
    },
    "cluster_ca_certificate": {
      "value": "LS0tLS1CRUdJTiBDRVJUSUZJQ0FURS0tLS0tCk1JSUU2RENDQXRDZ0F3SUJBZ0lRRnJNWDB1ZndvVm9SUTRVN1R4OUN4akFOQmdrcWhraUc5dzBCQVFzRkFEQU4KTVFzd0NRWURWUVFERXdKallUQWdGdzB5TWpBek1UVXhPVEUwTkROYUdBOHlNRFV5TURNeE5URTVNalEwTTFvdwpEVEVMTUFrR0ExVUVBeE1DWTJFd2dnSWlNQTBHQ1NxR1NJYjNEUUVCQVFVQUE0SUNEd0F3Z2dJS0FvSUNBUURWCjdNa25laDJad29VcUtrQ3NJSjYrREM4R3ZCZ2dQZDVtd1RFaEZKbzFENjVrc2p0c3RMb3ovK2kyTm5nL3lVczYKTUdhOEFhRGptV3RTeUcrL2EzakdhalNZam14a2JJWFdabjFTaUlveUZqaDU3WkpMK2VZalkxYUV0MlhOcEUwcApNSnFIWWJMRlBENVozaHhUVCtQS3J0N1BuY3kvTkJjaXZSazVhQzRSc0MrVlo1R3ZwbVpheG5rUEI5TDRLL3RKCkJaOVJQMXJwUjhBZlhrcWR1VDNrY3EzeGVZc09uUmY0ZUpPZlpVYVVKMmw5SEp5MEtjaXRmYmlYYlNMTXEvejgKWHh0WkdUdW1kZCtLSzYrYVU0QnE2UHNZUTFDd2k1eHpDYkVoMEdST0Zyc1Nmb05ZM0tHZGU3Ykxhc2FEQTRENwphT2hnN1FtV1U1bEMzejU1NUlHaVRPcXYxQ1MxZkhZbEZNaUZ3YjFkT2NZeUM1eGVlZ3FXTXRrbkVINUNna0xqCkpTdHFabFhRZFQ5M3NLditEOWNvcGZ4QzY4NXZrY3VYVzdYM3FqM3JSbjRpY0ZVKytEa2dyZ01JVkpZTnFXS0wKeVc0VHRIODRqdVFaa0RBU2oxcTJWcXpJeVdVaFA4R3pjWFNSVUZFYVlYeHhHOEpvcG9MbEJZS2FXK2VSa2F4dApidE16VERXblBGUVoxR29wOG9Qd3VmbGFSMlR1M3FSN2NteDhzN054WWUzWk5RdFM4T1M3Z2lpZ0VrczEvWkZNCmdpZWp0WVhHd3ZMVDYwL0MxQTZKK25pdCtJYnJvajdJY2ZONGtQaXd3bzNweG9pVVhuWk5kNCtQWWZHbXB2ek0KVXk3aDZGbG1DWi9Bak16R2ZKT3hZdE9jUG5Kc3N5VjVKOVAwcldvci93SURBUUFCbzBJd1FEQU9CZ05WSFE4QgpBZjhFQkFNQ0FxUXdEd1lEVlIwVEFRSC9CQVV3QXdFQi96QWRCZ05WSFE0RUZnUVVhdk9DUTZOZ2lIeHQrZXpxCjFPaVRpaDQwRHNFd0RRWUpLb1pJaHZjTkFRRUxCUUFEZ2dJQkFJckhXQkxkTS9ad0Zub3N3NGlpbG56eVl6MzYKWGFIbTV6OC9QcCttTjJHSnJLMC9pZERUUnBnam5tbGI2Y3JEK0txKzBJeVVIT0VEYzlLcnZkTS9JWUp0OUFVZwo3b3ltUjBsZmxyVWtkNkxqU3JUamRCZjdnbGMyVjh4RVFvbkVtcnQ0a1ZYZW1RYmRjMUNleHBESUJldEhVZElRClcva3plNHhWRit1am12V3lHb0oxUFpHUkExNjlFZUx3RlEyUVd1Tnc3eHcyNUJ3U09NT1dsRmpHSUZNOHFLVVAKUGNIMVphb2pmUzNkVktoai85OGF1WG1DR3FvMVlhc1lNVDd3WVJoYTg0Qk91dzBsbGszVUZXbUdaU0VoSHJEaAp2VDhaTC9YQVJkb3RwbGRBV0NFMG8xTnRvdmVCMUljWjArRURMR0NkUUFrZkRsbzBoNGRzTnlBRjdFWDZQUldICmdxcGtMaERQQlc4Ukx3Q3BobUtmQWpxdnhNYVk2NHlvWEtRMEdTZmFrcmJ5VW1kbVl4d05hQm91Nkc1Ky90TjEKUmFkOXR1d3RST0RmcTZXQkw1K0U3cjZmTFVHTXQ4Zm5Wb1VtU1R4VXUyWGYyTXJSWjZNT1NkVTRYc0hDMVhNTQpjSTdhTlVKUmh5dGR1YXpSSWYrZXNveGRTdFF1QWhPMEJhNzlyT1NmQmVTQzBVOTd5Yk1INXNKQitxZWhRWWxTCm9JUmVvZnkwZmR5VXhKYXQwOHF3NGEzemdrc2c3b09VSnhkMGpZeE1qendYL0RHY3hJMEdGTnFDdEQ2RDN1cGQKWFlDUGN6RGxIb1JHL0x4Yk9laEZINFhYcmlJVW0xZkRVQjQwSlFkUjdmUEl3Y0ZLamd0UFBFVExzRUhEekVuWQpzblZ1UFVESXlTN2RxcElYCi0tLS0tRU5EIENFUlRJRklDQVRFLS0tLS0K",
      "type": "string"
    },
    "host": {
      "value": "https://dserbeniuk-b648a351.hcp.westus2.azmk8s.io:443",
      "type": "string"
    }
  },
  "resources": [
    {
      "mode": "managed",
      "type": "azurerm_container_registry",
      "name": "acr",
      "provider": "provider[\"registry.terraform.io/hashicorp/azurerm\"]",
      "instances": [
        {
          "schema_version": 2,
          "attributes": {
            "admin_enabled": false,
            "admin_password": "",
            "admin_username": "",
            "anonymous_pull_enabled": false,
            "data_endpoint_enabled": false,
            "encryption": [
              {
                "enabled": false,
                "identity_client_id": "",
                "key_vault_key_id": ""
              }
            ],
            "export_policy_enabled": true,
            "georeplication_locations": [],
            "georeplications": [],
            "id": "/subscriptions/9bdfaca1-a3d4-48ac-bfe2-7c09941bf920/resourceGroups/prometheus/providers/Microsoft.ContainerRegistry/registries/myacr3210201020",
            "identity": [],
            "location": "westus2",
            "login_server": "myacr3210201020.azurecr.io",
            "name": "myacr3210201020",
            "network_rule_bypass_option": "AzureServices",
            "network_rule_set": [],
            "public_network_access_enabled": true,
            "quarantine_policy_enabled": false,
            "resource_group_name": "prometheus",
            "retention_policy": [
              {
                "days": 7,
                "enabled": false
              }
            ],
            "sku": "Standard",
            "storage_account_id": "",
            "tags": {},
            "timeouts": null,
            "trust_policy": [
              {
                "enabled": false
              }
            ],
            "zone_redundancy_enabled": false
          },
          "sensitive_attributes": [],
          "private": "eyJlMmJmYjczMC1lY2FhLTExZTYtOGY4OC0zNDM2M2JjN2M0YzAiOnsiY3JlYXRlIjoxODAwMDAwMDAwMDAwLCJkZWxldGUiOjE4MDAwMDAwMDAwMDAsInJlYWQiOjMwMDAwMDAwMDAwMCwidXBkYXRlIjoxODAwMDAwMDAwMDAwfSwic2NoZW1hX3ZlcnNpb24iOiIyIn0=",
          "dependencies": [
            "azurerm_resource_group.aks-rg"
          ]
        }
      ]
    },
    {
      "mode": "managed",
      "type": "azurerm_kubernetes_cluster",
      "name": "aks",
      "provider": "provider[\"registry.terraform.io/hashicorp/azurerm\"]",
      "instances": [
        {
          "schema_version": 2,
          "attributes": {
            "aci_connector_linux": [],
            "addon_profile": [],
            "api_server_authorized_ip_ranges": [],
            "auto_scaler_profile": [],
            "automatic_channel_upgrade": "",
            "azure_active_directory_role_based_access_control": [],
            "azure_policy_enabled": false,
            "default_node_pool": [
              {
                "availability_zones": [
                  "1",
                  "2",
                  "3"
                ],
                "enable_auto_scaling": false,
                "enable_host_encryption": false,
                "enable_node_public_ip": false,
                "fips_enabled": false,
                "kubelet_config": [],
                "kubelet_disk_type": "OS",
                "linux_os_config": [],
                "max_count": 0,
                "max_pods": 110,
                "min_count": 0,
                "name": "system",
                "node_count": 1,
                "node_labels": {},
                "node_public_ip_prefix_id": "",
                "node_taints": [],
                "only_critical_addons_enabled": false,
                "orchestrator_version": "1.21.7",
                "os_disk_size_gb": 128,
                "os_disk_type": "Managed",
                "os_sku": "Ubuntu",
                "pod_subnet_id": "",
                "proximity_placement_group_id": "",
                "tags": {},
                "type": "VirtualMachineScaleSets",
                "ultra_ssd_enabled": false,
                "upgrade_settings": [],
                "vm_size": "Standard_D2_v5",
                "vnet_subnet_id": ""
              }
            ],
            "disk_encryption_set_id": "",
            "dns_prefix": "dserbeniuk",
            "dns_prefix_private_cluster": "",
            "enable_pod_security_policy": false,
            "fqdn": "dserbeniuk-b648a351.hcp.westus2.azmk8s.io",
            "http_application_routing_enabled": false,
            "http_application_routing_zone_name": "",
            "http_proxy_config": [],
            "id": "/subscriptions/9bdfaca1-a3d4-48ac-bfe2-7c09941bf920/resourceGroups/prometheus/providers/Microsoft.ContainerService/managedClusters/dserbeniuk",
            "identity": [
              {
                "principal_id": "9b293308-de52-4bbf-b438-36f19f3fc712",
                "tenant_id": "d829a2f4-52a2-4ed6-82a1-80c92fa35db4",
                "type": "SystemAssigned",
                "user_assigned_identity_id": ""
              }
            ],
            "ingress_application_gateway": [],
            "key_vault_secrets_provider": [],
            "kube_admin_config": [],
            "kube_admin_config_raw": "",
            "kube_config": [
              {
                "client_certificate": "LS0tLS1CRUdJTiBDRVJUSUZJQ0FURS0tLS0tCk1JSUZIVENDQXdXZ0F3SUJBZ0lRTytZRE5pMVBrNVY2THhnaGhEZGgwakFOQmdrcWhraUc5dzBCQVFzRkFEQU4KTVFzd0NRWURWUVFERXdKallUQWVGdzB5TWpBek1UVXhPVEUwTkROYUZ3MHlOREF6TVRVeE9USTBORE5hTURBeApGekFWQmdOVkJBb1REbk41YzNSbGJUcHRZWE4wWlhKek1SVXdFd1lEVlFRREV3eHRZWE4wWlhKamJHbGxiblF3CmdnSWlNQTBHQ1NxR1NJYjNEUUVCQVFVQUE0SUNEd0F3Z2dJS0FvSUNBUURDK1Nsc0lVQVVtczEvbkJJS1M2TXkKUlhITWdGWGVGaEliaXhwaEROOEQyeWJ2QmdoMHVncms4UzA2UzdTdG54T211ZnJPbkxJTU80aXN0YjE2Ylh5UAp1UFJYTjFibU8yd3J2OWQ0QzFIQWVGUVBUL21Ga095WWpCMDRyWnRIYUZYeGw4V2FxZEVKeWxFSVVRRXlmSGhBCnpsVDlydGxGcHRDdjhGdStFY1VpblV0c0psZTB0Tzl6Zmd5U1NtU0Q2bVpwdExxSm5RR1E4dEpjbnVOaTBudlgKejVTcWZneUtKWVo5Qlc3aDltTVRQbUNwMno2WEJreVdIYzZkbGNFTjFhT2kyb28vYkMxV3k4emQ3N1lWZXNFcAppZXA4SEMxaWlHTjhzQlVMZEp1KzNzTml5dnBFYjVHalhTU1l2ZTRhV1hjSDU0dVJXMHQ5TjhZRmprN2dTWklCCjZucGZPUG82SFZWaStGMjdWR1QyWVpPZ0xCK0ZrMmhLTGFDWUhiVmRldGFhVW5QNjBLVStRSUoyL0FaZkNabWYKTzBOY3ZiWXVNZFJ1ZzdhbnJIcVhzRG04c2UrWEF3dk1xTDFUK0U1djRTaWlPcWNLa04wUzU3MGt4akJodUtnRwpVSUtnVElEaWJmSG1MOGFocmVkYUhDcVkyYVJpTzVjVlBTM1h2cE5vV2RVSlhCNVlUTEVwcmI1Z1BRWHMvRXZJClc1VE1XbjlUZWVvdkloa29sbXR1QVJoSll4NWpOb2ljOFBoNFZBdWlkTGRqbFlmaVg3aU8zYmU3bVQwbWI2Z1QKNFFOeFV4a3kvbksrZjdmaUZoRXVXZ1JHTGZxZ0o5NTlFNDduY2dnVjNtVCtRVWxwLy9aY205OVpJVUVENFpGZApmUmZ3YzRNSVlraUpDYnlwMXNCR2t3SURBUUFCbzFZd1ZEQU9CZ05WSFE4QkFmOEVCQU1DQmFBd0V3WURWUjBsCkJBd3dDZ1lJS3dZQkJRVUhBd0l3REFZRFZSMFRBUUgvQkFJd0FEQWZCZ05WSFNNRUdEQVdnQlJxODRKRG8yQ0kKZkczNTdPclU2Sk9LSGpRT3dUQU5CZ2txaGtpRzl3MEJBUXNGQUFPQ0FnRUF6MFZscHB1emdOdkpOa3NFb2p3Kwp0a2ZJWUlINTJPb3NodHgrUUVKdFMzNDVUYWUwRXphYlVkSGlyMXhXc0tUNmJXNjhya1JKdnd2QmdzTFlhdjZxCjNjYy9TZHNHc1FRdVE3NVFMQWk3T3krS0poOU9qWWtWcmhTWXozVnRaM0Q1NEduVU9ETU9HVkJTamVzaXJlT2wKOHhnL0lGb0RwMWxwK1hRTlZNbWE0WG5lWDZ3eklvTFBSZ0dNQ3Zaa2FEV1BSVDFZY0Y1UHVRSExzeW40Sm9tNAp6dVhMeVBZVTJZZWdoUk12aUtVUEl2VjI0bHpTZGdrOVNKUVpZZGdXQUZINmplMmN5M3B1QngveW1oSGhrSVplClk2ZDlReVpjaWw2eWhmVGlpMjlsd0VPY3pQSnhkNU5WSGIwMmhwamp1bzdBL05zdGVqNXR5M3JZSEhyaTJLVnkKTFBkVHQwNXlBVHM3ZkJ3MmN3QWtSTHRyN2c0dHZZb2o4NDlVdVdSTDZidzc5MFQ1Um5IRUh2WDVoRk5iUXZpNwowMHlBd1BtbzlDZm1KUWFtenZxMTJFdG9LVHE0VktVeEo5QkJoaFhuVDUya2dJQTRKc3NmSXhKUjFNVEJLSURUCmFlSUFPOU1LSGV6N3VWNms3Rjd4SUcwbVUwalA1VzVVcWt5YXpObklwS0NreDhLeUN2dFd3akozYldmT2N2ZGQKS0piMUcrcTYxejJ1azB0VFlNNWdGOXdidDEwODI0YnkreFc1aW1zVW5RT01CVFFZUE9iMHdsRXk2UDRuZWRpZApnRjN3YUJMQmNIS3hKb3NPL3JlRXhrMG05ME1nK0J1NWhPM3ZtNFBWUFp5NXpobCtlZ3ViNk8yUXhyQUkvaWt4CnNnQlNVMzVLM3BiekdSSnMxQXpzR0k0PQotLS0tLUVORCBDRVJUSUZJQ0FURS0tLS0tCg==",
                "client_key": "LS0tLS1CRUdJTiBSU0EgUFJJVkFURSBLRVktLS0tLQpNSUlKS0FJQkFBS0NBZ0VBd3ZrcGJDRkFGSnJOZjV3U0NrdWpNa1Z4eklCVjNoWVNHNHNhWVF6ZkE5c203d1lJCmRMb0s1UEV0T2t1MHJaOFRwcm42enB5eUREdUlyTFc5ZW0xOGo3ajBWemRXNWp0c0s3L1hlQXRSd0hoVUQwLzUKaFpEc21Jd2RPSzJiUjJoVjhaZkZtcW5SQ2NwUkNGRUJNbng0UU01VS9hN1pSYWJRci9CYnZoSEZJcDFMYkNaWAp0TFR2YzM0TWtrcGtnK3BtYWJTNmlaMEJrUExTWEo3all0SjcxOCtVcW40TWlpV0dmUVZ1NGZaakV6NWdxZHMrCmx3Wk1saDNPblpYQkRkV2pvdHFLUDJ3dFZzdk0zZSsyRlhyQktZbnFmQnd0WW9oamZMQVZDM1NidnQ3RFlzcjYKUkcrUm8xMGttTDN1R2xsM0IrZUxrVnRMZlRmR0JZNU80RW1TQWVwNlh6ajZPaDFWWXZoZHUxUms5bUdUb0N3ZgpoWk5vU2kyZ21CMjFYWHJXbWxKeit0Q2xQa0NDZHZ3R1h3bVpuenREWEwyMkxqSFVib08ycDZ4Nmw3QTV2TEh2Cmx3TUx6S2k5VS9oT2IrRW9vanFuQ3BEZEV1ZTlKTVl3WWJpb0JsQ0NvRXlBNG0zeDVpL0dvYTNuV2h3cW1ObWsKWWp1WEZUMHQxNzZUYUZuVkNWd2VXRXl4S2EyK1lEMEY3UHhMeUZ1VXpGcC9VM25xTHlJWktKWnJiZ0VZU1dNZQpZemFJblBENGVGUUxvblMzWTVXSDRsKzRqdDIzdTVrOUptK29FK0VEY1ZNWk12NXl2biszNGhZUkxsb0VSaTM2Cm9DZmVmUk9PNTNJSUZkNWsva0ZKYWYvMlhKdmZXU0ZCQStHUlhYMFg4SE9EQ0dKSWlRbThxZGJBUnBNQ0F3RUEKQVFLQ0FnQTZrbStITkZYejJxMXhjSWxhM200Z1pBeFR5eG9BcGRDNnhZY2ZNS2F1bWQrUVh0ZWJlV2hjYnJlUAprNzZyaWVaMVo5bVl5Q29VMHEyMGRNUi9TdlRvbUQrUEUramZNV3JGbWRRNUUrMXpUTEswQnVxRzNZcTJLU0YrCkxXbEFnbStQTEhFSWpZdG16WWlhWHZ0bEYwOW82Sk5Qd244ekZYSUw2TUVtMEYvUWprQmlOUUtVSHVid1l5V1QKclJXVks0Mm9vOHFHSE15anBzN2JWRUFySitCY2JOZlVnQmwwUnVHb0hVRzZVREpqVFpIc2RSalFkZXY4RE9oTgpIdmZvR0E0WWxsNkJ2eFcveFdtK0lvMG8xci9Bb3RYMmd1Qi9nVW1oNDZQdTFSRVV2Z2NrWHFYZ2VVUGZOOVFPCnJzQWcyaytQNkZkZFMzZmFIaTgyN0JGMS82UUV0OSsxK0tTa1FrNUVPWnYwYWVLZFBvY1JiL2xudGdUQjI0d1MKdnV6Smg2TlYyKzlEaGRuc1BHeVJUQU44VnlZMHMwVGhrTmdPNDdxNmFMRWV6N0NjSFl3Ty95RE9mQjh5ODA1MQpUZ3VzczhxMnNvSzRzaHVUWm56d3pjV2h1RXpUWm9JejgrNmZzRGNtZW1rN09hSVl0a0l5c3htNFdGMnY2dlYwCmdWYUNBUFRHN1EvVzgzbHo3RFdxM2hZeS93WmtuL3JkdmJ3SVE5cjN1NW94Rm83akI2NktCSTV5aW40QWxMTm4KRTdCVzNTZWtZcjVUOFdQdTVMTm85V2V4Nzc0UHBiTDd6aVpKb1c0bk51clJ1c3FWQXV6MFY2RDBiVnVZelJuUQpnRGpTRmxhZnRleWliVlNoQWRVbkpOSC9ZcWRVVk5Jc2FKRWlZSVJ3VHpMbWhHUnhBUUtDQVFFQXd6dzBwQTNICnIwNUVVbkQvM1Jwek9tSVVnLzZHTFB3YTJKaWtsTWJRd1crY2ZVQ1hGZkc4dHZ3Q2FhWFgxcktHdW5KTHRHQWIKR1gxZGdGdzEwTzNmUXNKMzRKZmszQkJlSmQ0akx0WGZ1OGdoWVAya0oyL0pFR1JkRDlselMvM3IyandSOU9vYwo0ZFY1ZnVuZUVVUlFaL2xVQ25MTVNTWUhMUWx4WTlsK2hFQVdnYi81eXA4R3dxWnR6MlRxS3Q4MnYxREFpVER0CkZhRGEyUGhBcXRrMHdSUnkxelovUk54M09jaWNhcEVYWmtGTEl3a3IyYXVvcWxZUkUvTnFIUDFSSVkzVlVFSm4KaGEvQ0l5TkN5d1JKS3B0ZGNqY2JIdzU1R2xOMHJZTG5TcG94ZFhsZVFQK0tUWE1EcVNFdzhuMmZ0ZC9IVHBHWgpCUkpGUFdXdCsrcUZVUUtDQVFFQS82Z1c2clZhN3pEMHVvVFcyaUFWRlFtWjY1cEswdmJaVFNiNDU3UGYvU2x4ClRyeWFSbFU3OTZ6RDd2L0lTR2IrWDlJbDN0K3pQYW5KNjh4Yks0ejdwbmZWZU5KZXFYVHhQRGpacVZDdnhwNnQKTXpUMDl0ZWgwVThkZnVweE5UMC9XTU9wMUJJWWQvSWFzMXpZeTVZQksxMWNxbXFMbnlVZFdKT0F5cmcwb2pYZgpsYnJMRUpPbkRzQ3ZFNktwU21KdVhpdThCanNUNXpXRXJNSGZSc3lwN09GaWFyZHRjeXg0c01vdC8yOWhLdnVrCkE4ZUx4aUZJczdjMEJ6UTJKQkNiWU41WFBNQ2tEUDgwNGxQT3dqUlNpNmNGTFJSbGlaZW92STJOcnQzSGdHOUoKQzFCbng5Ri91M2FEOFJhQzRVSkFzRnFUaGlIZkVDV0JwUG81cDA0a293S0NBUUE2S2tTd241NWZQeDBoeHFLago5ODVlbFh2eE96STBVc09ZeGhrNmJlVWh6Q08rT1RFS0M2UWlqQUFZQTUzRFRCclJqMTI0bG0xY2Nib2FsTjQvCnFhNjdULzZ3L2Uva0ZFaElWZDc3aENLTTZubnZVSUhJY2doZ0J0YW04eXpqZGZuL1lhZ2o1Ri9JZEhZbTludi8KZnUvSm1rR01mMWtYYmVuelkvM1JOcW4zc3JSQjRiVUV4YzRZemNhblpEUlRvMzdIRHNMZDNLSzFyOStqaG9xVgptL0tZbDRRRFZDd2trdDQrYStNVjZMWWs4OHp6Mmphak9mNGRDVms3TFdqdXpCV1F2cFhQdklqbERsRHpjUHprClNSbVhSUVJaRTh2VHU5Y2VuY0NFTlJ5OVlDVGVEOU9oMzhBUGhQV1JQTjg5VDJuMm9IM2JqWXNlTkt4R04zWFgKT0s2UkFvSUJBQjBkMzc1TGVWZlVrNHJLcGsyaGFjVkRtcXdpbm5MNGVqYzNRUkhpZ3BncXFDVDNoZnFNcW8vQwp0VzM2NDZ5YlRrMUxlZFN3VlpHb1RMNzJQMHZ1ZXBxeSt6VVBnSWg4TVIxU3ZEZDBZUkNWOGRQckxCc1E0L1VhCnRabEd5aTN1RTlEZ04rOVhRRUlvNkxHVTJYd1dVWHZHM2s3cVk0eDBoYXNZNFlvMUFJbVk2U1g4YURRekhNdXAKVmtjK04xbXBiRGg5Y3FTakJkbEhWeHoxMTZBUW55bkRZWm9WMmZsTUQxTFRNL25yalgxL3UyWlN5N0I5Q2ZLdAo0dGNQTXp0WVNObjNlS2dLcUtSeVRHdWFiK25lVzZoY0ZWTFZCOXRyMG1QbkcwUFhMbW1LUXg5dXdPTVpFUnNnCm5GWlE0Z2NWckpocE9IUUdWNGxYUERTMTZ1c0xFMUVDZ2dFQkFLR1p6cWdSQkVNUmR1b0dhWWZwTTU0VkFGYXAKd2xhRzB3TitQdEN3ZTRVU1dDTUFGVHdhblU1YWJSSHFDUDBOc0djR0VKU3lRMmUvd3p2NkJNTFBpVmJuMHJPagpuemRPc0ZDbnJnd3BTVThRbGNFdFlyYmFwSmtOOGlraFRQK1ljSFlmM2tpeGZYZCtSNmxmR3VuR0ljU2Z0SnFVCm12WWoyY2lMOFNsRUJnSG9WNjdOdXdPS2xPT3BwdUdmZmx0cGY0L1I5anV2L0FMS3hxT0U0OTZqd1VWUHdVWTAKd0VoUU1lVGMwWWFhUzJaYml4NVEyZWZUOTBUY1VPbmdETHlFbG9NNWsrMk8vTUE5MHQ3SEZObGtWb2JWc0JPWgpQUkU2NnY2UGJVTm9jZTQvQ1VDcVhtZDJJOE1peEhWQkZ1c283bEVKZ2srbG9DYTBjaEF0Z3BLbG1GUT0KLS0tLS1FTkQgUlNBIFBSSVZBVEUgS0VZLS0tLS0K",
                "cluster_ca_certificate": "LS0tLS1CRUdJTiBDRVJUSUZJQ0FURS0tLS0tCk1JSUU2RENDQXRDZ0F3SUJBZ0lRRnJNWDB1ZndvVm9SUTRVN1R4OUN4akFOQmdrcWhraUc5dzBCQVFzRkFEQU4KTVFzd0NRWURWUVFERXdKallUQWdGdzB5TWpBek1UVXhPVEUwTkROYUdBOHlNRFV5TURNeE5URTVNalEwTTFvdwpEVEVMTUFrR0ExVUVBeE1DWTJFd2dnSWlNQTBHQ1NxR1NJYjNEUUVCQVFVQUE0SUNEd0F3Z2dJS0FvSUNBUURWCjdNa25laDJad29VcUtrQ3NJSjYrREM4R3ZCZ2dQZDVtd1RFaEZKbzFENjVrc2p0c3RMb3ovK2kyTm5nL3lVczYKTUdhOEFhRGptV3RTeUcrL2EzakdhalNZam14a2JJWFdabjFTaUlveUZqaDU3WkpMK2VZalkxYUV0MlhOcEUwcApNSnFIWWJMRlBENVozaHhUVCtQS3J0N1BuY3kvTkJjaXZSazVhQzRSc0MrVlo1R3ZwbVpheG5rUEI5TDRLL3RKCkJaOVJQMXJwUjhBZlhrcWR1VDNrY3EzeGVZc09uUmY0ZUpPZlpVYVVKMmw5SEp5MEtjaXRmYmlYYlNMTXEvejgKWHh0WkdUdW1kZCtLSzYrYVU0QnE2UHNZUTFDd2k1eHpDYkVoMEdST0Zyc1Nmb05ZM0tHZGU3Ykxhc2FEQTRENwphT2hnN1FtV1U1bEMzejU1NUlHaVRPcXYxQ1MxZkhZbEZNaUZ3YjFkT2NZeUM1eGVlZ3FXTXRrbkVINUNna0xqCkpTdHFabFhRZFQ5M3NLditEOWNvcGZ4QzY4NXZrY3VYVzdYM3FqM3JSbjRpY0ZVKytEa2dyZ01JVkpZTnFXS0wKeVc0VHRIODRqdVFaa0RBU2oxcTJWcXpJeVdVaFA4R3pjWFNSVUZFYVlYeHhHOEpvcG9MbEJZS2FXK2VSa2F4dApidE16VERXblBGUVoxR29wOG9Qd3VmbGFSMlR1M3FSN2NteDhzN054WWUzWk5RdFM4T1M3Z2lpZ0VrczEvWkZNCmdpZWp0WVhHd3ZMVDYwL0MxQTZKK25pdCtJYnJvajdJY2ZONGtQaXd3bzNweG9pVVhuWk5kNCtQWWZHbXB2ek0KVXk3aDZGbG1DWi9Bak16R2ZKT3hZdE9jUG5Kc3N5VjVKOVAwcldvci93SURBUUFCbzBJd1FEQU9CZ05WSFE4QgpBZjhFQkFNQ0FxUXdEd1lEVlIwVEFRSC9CQVV3QXdFQi96QWRCZ05WSFE0RUZnUVVhdk9DUTZOZ2lIeHQrZXpxCjFPaVRpaDQwRHNFd0RRWUpLb1pJaHZjTkFRRUxCUUFEZ2dJQkFJckhXQkxkTS9ad0Zub3N3NGlpbG56eVl6MzYKWGFIbTV6OC9QcCttTjJHSnJLMC9pZERUUnBnam5tbGI2Y3JEK0txKzBJeVVIT0VEYzlLcnZkTS9JWUp0OUFVZwo3b3ltUjBsZmxyVWtkNkxqU3JUamRCZjdnbGMyVjh4RVFvbkVtcnQ0a1ZYZW1RYmRjMUNleHBESUJldEhVZElRClcva3plNHhWRit1am12V3lHb0oxUFpHUkExNjlFZUx3RlEyUVd1Tnc3eHcyNUJ3U09NT1dsRmpHSUZNOHFLVVAKUGNIMVphb2pmUzNkVktoai85OGF1WG1DR3FvMVlhc1lNVDd3WVJoYTg0Qk91dzBsbGszVUZXbUdaU0VoSHJEaAp2VDhaTC9YQVJkb3RwbGRBV0NFMG8xTnRvdmVCMUljWjArRURMR0NkUUFrZkRsbzBoNGRzTnlBRjdFWDZQUldICmdxcGtMaERQQlc4Ukx3Q3BobUtmQWpxdnhNYVk2NHlvWEtRMEdTZmFrcmJ5VW1kbVl4d05hQm91Nkc1Ky90TjEKUmFkOXR1d3RST0RmcTZXQkw1K0U3cjZmTFVHTXQ4Zm5Wb1VtU1R4VXUyWGYyTXJSWjZNT1NkVTRYc0hDMVhNTQpjSTdhTlVKUmh5dGR1YXpSSWYrZXNveGRTdFF1QWhPMEJhNzlyT1NmQmVTQzBVOTd5Yk1INXNKQitxZWhRWWxTCm9JUmVvZnkwZmR5VXhKYXQwOHF3NGEzemdrc2c3b09VSnhkMGpZeE1qendYL0RHY3hJMEdGTnFDdEQ2RDN1cGQKWFlDUGN6RGxIb1JHL0x4Yk9laEZINFhYcmlJVW0xZkRVQjQwSlFkUjdmUEl3Y0ZLamd0UFBFVExzRUhEekVuWQpzblZ1UFVESXlTN2RxcElYCi0tLS0tRU5EIENFUlRJRklDQVRFLS0tLS0K",
                "host": "https://dserbeniuk-b648a351.hcp.westus2.azmk8s.io:443",
                "password": "c5c031c88eab2e3230d86933b9f56e051658fe06a1217510b55888b5f19c58865e542f985eba19a90631375cfd92a90d614348a808b3226b1a39917454437cd7",
                "username": "clusterUser_prometheus_dserbeniuk"
              }
            ],
            "kube_config_raw": "apiVersion: v1\nclusters:\n- cluster:\n    certificate-authority-data: LS0tLS1CRUdJTiBDRVJUSUZJQ0FURS0tLS0tCk1JSUU2RENDQXRDZ0F3SUJBZ0lRRnJNWDB1ZndvVm9SUTRVN1R4OUN4akFOQmdrcWhraUc5dzBCQVFzRkFEQU4KTVFzd0NRWURWUVFERXdKallUQWdGdzB5TWpBek1UVXhPVEUwTkROYUdBOHlNRFV5TURNeE5URTVNalEwTTFvdwpEVEVMTUFrR0ExVUVBeE1DWTJFd2dnSWlNQTBHQ1NxR1NJYjNEUUVCQVFVQUE0SUNEd0F3Z2dJS0FvSUNBUURWCjdNa25laDJad29VcUtrQ3NJSjYrREM4R3ZCZ2dQZDVtd1RFaEZKbzFENjVrc2p0c3RMb3ovK2kyTm5nL3lVczYKTUdhOEFhRGptV3RTeUcrL2EzakdhalNZam14a2JJWFdabjFTaUlveUZqaDU3WkpMK2VZalkxYUV0MlhOcEUwcApNSnFIWWJMRlBENVozaHhUVCtQS3J0N1BuY3kvTkJjaXZSazVhQzRSc0MrVlo1R3ZwbVpheG5rUEI5TDRLL3RKCkJaOVJQMXJwUjhBZlhrcWR1VDNrY3EzeGVZc09uUmY0ZUpPZlpVYVVKMmw5SEp5MEtjaXRmYmlYYlNMTXEvejgKWHh0WkdUdW1kZCtLSzYrYVU0QnE2UHNZUTFDd2k1eHpDYkVoMEdST0Zyc1Nmb05ZM0tHZGU3Ykxhc2FEQTRENwphT2hnN1FtV1U1bEMzejU1NUlHaVRPcXYxQ1MxZkhZbEZNaUZ3YjFkT2NZeUM1eGVlZ3FXTXRrbkVINUNna0xqCkpTdHFabFhRZFQ5M3NLditEOWNvcGZ4QzY4NXZrY3VYVzdYM3FqM3JSbjRpY0ZVKytEa2dyZ01JVkpZTnFXS0wKeVc0VHRIODRqdVFaa0RBU2oxcTJWcXpJeVdVaFA4R3pjWFNSVUZFYVlYeHhHOEpvcG9MbEJZS2FXK2VSa2F4dApidE16VERXblBGUVoxR29wOG9Qd3VmbGFSMlR1M3FSN2NteDhzN054WWUzWk5RdFM4T1M3Z2lpZ0VrczEvWkZNCmdpZWp0WVhHd3ZMVDYwL0MxQTZKK25pdCtJYnJvajdJY2ZONGtQaXd3bzNweG9pVVhuWk5kNCtQWWZHbXB2ek0KVXk3aDZGbG1DWi9Bak16R2ZKT3hZdE9jUG5Kc3N5VjVKOVAwcldvci93SURBUUFCbzBJd1FEQU9CZ05WSFE4QgpBZjhFQkFNQ0FxUXdEd1lEVlIwVEFRSC9CQVV3QXdFQi96QWRCZ05WSFE0RUZnUVVhdk9DUTZOZ2lIeHQrZXpxCjFPaVRpaDQwRHNFd0RRWUpLb1pJaHZjTkFRRUxCUUFEZ2dJQkFJckhXQkxkTS9ad0Zub3N3NGlpbG56eVl6MzYKWGFIbTV6OC9QcCttTjJHSnJLMC9pZERUUnBnam5tbGI2Y3JEK0txKzBJeVVIT0VEYzlLcnZkTS9JWUp0OUFVZwo3b3ltUjBsZmxyVWtkNkxqU3JUamRCZjdnbGMyVjh4RVFvbkVtcnQ0a1ZYZW1RYmRjMUNleHBESUJldEhVZElRClcva3plNHhWRit1am12V3lHb0oxUFpHUkExNjlFZUx3RlEyUVd1Tnc3eHcyNUJ3U09NT1dsRmpHSUZNOHFLVVAKUGNIMVphb2pmUzNkVktoai85OGF1WG1DR3FvMVlhc1lNVDd3WVJoYTg0Qk91dzBsbGszVUZXbUdaU0VoSHJEaAp2VDhaTC9YQVJkb3RwbGRBV0NFMG8xTnRvdmVCMUljWjArRURMR0NkUUFrZkRsbzBoNGRzTnlBRjdFWDZQUldICmdxcGtMaERQQlc4Ukx3Q3BobUtmQWpxdnhNYVk2NHlvWEtRMEdTZmFrcmJ5VW1kbVl4d05hQm91Nkc1Ky90TjEKUmFkOXR1d3RST0RmcTZXQkw1K0U3cjZmTFVHTXQ4Zm5Wb1VtU1R4VXUyWGYyTXJSWjZNT1NkVTRYc0hDMVhNTQpjSTdhTlVKUmh5dGR1YXpSSWYrZXNveGRTdFF1QWhPMEJhNzlyT1NmQmVTQzBVOTd5Yk1INXNKQitxZWhRWWxTCm9JUmVvZnkwZmR5VXhKYXQwOHF3NGEzemdrc2c3b09VSnhkMGpZeE1qendYL0RHY3hJMEdGTnFDdEQ2RDN1cGQKWFlDUGN6RGxIb1JHL0x4Yk9laEZINFhYcmlJVW0xZkRVQjQwSlFkUjdmUEl3Y0ZLamd0UFBFVExzRUhEekVuWQpzblZ1UFVESXlTN2RxcElYCi0tLS0tRU5EIENFUlRJRklDQVRFLS0tLS0K\n    server: https://dserbeniuk-b648a351.hcp.westus2.azmk8s.io:443\n  name: dserbeniuk\ncontexts:\n- context:\n    cluster: dserbeniuk\n    user: clusterUser_prometheus_dserbeniuk\n  name: dserbeniuk\ncurrent-context: dserbeniuk\nkind: Config\npreferences: {}\nusers:\n- name: clusterUser_prometheus_dserbeniuk\n  user:\n    client-certificate-data: LS0tLS1CRUdJTiBDRVJUSUZJQ0FURS0tLS0tCk1JSUZIVENDQXdXZ0F3SUJBZ0lRTytZRE5pMVBrNVY2THhnaGhEZGgwakFOQmdrcWhraUc5dzBCQVFzRkFEQU4KTVFzd0NRWURWUVFERXdKallUQWVGdzB5TWpBek1UVXhPVEUwTkROYUZ3MHlOREF6TVRVeE9USTBORE5hTURBeApGekFWQmdOVkJBb1REbk41YzNSbGJUcHRZWE4wWlhKek1SVXdFd1lEVlFRREV3eHRZWE4wWlhKamJHbGxiblF3CmdnSWlNQTBHQ1NxR1NJYjNEUUVCQVFVQUE0SUNEd0F3Z2dJS0FvSUNBUURDK1Nsc0lVQVVtczEvbkJJS1M2TXkKUlhITWdGWGVGaEliaXhwaEROOEQyeWJ2QmdoMHVncms4UzA2UzdTdG54T211ZnJPbkxJTU80aXN0YjE2Ylh5UAp1UFJYTjFibU8yd3J2OWQ0QzFIQWVGUVBUL21Ga095WWpCMDRyWnRIYUZYeGw4V2FxZEVKeWxFSVVRRXlmSGhBCnpsVDlydGxGcHRDdjhGdStFY1VpblV0c0psZTB0Tzl6Zmd5U1NtU0Q2bVpwdExxSm5RR1E4dEpjbnVOaTBudlgKejVTcWZneUtKWVo5Qlc3aDltTVRQbUNwMno2WEJreVdIYzZkbGNFTjFhT2kyb28vYkMxV3k4emQ3N1lWZXNFcAppZXA4SEMxaWlHTjhzQlVMZEp1KzNzTml5dnBFYjVHalhTU1l2ZTRhV1hjSDU0dVJXMHQ5TjhZRmprN2dTWklCCjZucGZPUG82SFZWaStGMjdWR1QyWVpPZ0xCK0ZrMmhLTGFDWUhiVmRldGFhVW5QNjBLVStRSUoyL0FaZkNabWYKTzBOY3ZiWXVNZFJ1ZzdhbnJIcVhzRG04c2UrWEF3dk1xTDFUK0U1djRTaWlPcWNLa04wUzU3MGt4akJodUtnRwpVSUtnVElEaWJmSG1MOGFocmVkYUhDcVkyYVJpTzVjVlBTM1h2cE5vV2RVSlhCNVlUTEVwcmI1Z1BRWHMvRXZJClc1VE1XbjlUZWVvdkloa29sbXR1QVJoSll4NWpOb2ljOFBoNFZBdWlkTGRqbFlmaVg3aU8zYmU3bVQwbWI2Z1QKNFFOeFV4a3kvbksrZjdmaUZoRXVXZ1JHTGZxZ0o5NTlFNDduY2dnVjNtVCtRVWxwLy9aY205OVpJVUVENFpGZApmUmZ3YzRNSVlraUpDYnlwMXNCR2t3SURBUUFCbzFZd1ZEQU9CZ05WSFE4QkFmOEVCQU1DQmFBd0V3WURWUjBsCkJBd3dDZ1lJS3dZQkJRVUhBd0l3REFZRFZSMFRBUUgvQkFJd0FEQWZCZ05WSFNNRUdEQVdnQlJxODRKRG8yQ0kKZkczNTdPclU2Sk9LSGpRT3dUQU5CZ2txaGtpRzl3MEJBUXNGQUFPQ0FnRUF6MFZscHB1emdOdkpOa3NFb2p3Kwp0a2ZJWUlINTJPb3NodHgrUUVKdFMzNDVUYWUwRXphYlVkSGlyMXhXc0tUNmJXNjhya1JKdnd2QmdzTFlhdjZxCjNjYy9TZHNHc1FRdVE3NVFMQWk3T3krS0poOU9qWWtWcmhTWXozVnRaM0Q1NEduVU9ETU9HVkJTamVzaXJlT2wKOHhnL0lGb0RwMWxwK1hRTlZNbWE0WG5lWDZ3eklvTFBSZ0dNQ3Zaa2FEV1BSVDFZY0Y1UHVRSExzeW40Sm9tNAp6dVhMeVBZVTJZZWdoUk12aUtVUEl2VjI0bHpTZGdrOVNKUVpZZGdXQUZINmplMmN5M3B1QngveW1oSGhrSVplClk2ZDlReVpjaWw2eWhmVGlpMjlsd0VPY3pQSnhkNU5WSGIwMmhwamp1bzdBL05zdGVqNXR5M3JZSEhyaTJLVnkKTFBkVHQwNXlBVHM3ZkJ3MmN3QWtSTHRyN2c0dHZZb2o4NDlVdVdSTDZidzc5MFQ1Um5IRUh2WDVoRk5iUXZpNwowMHlBd1BtbzlDZm1KUWFtenZxMTJFdG9LVHE0VktVeEo5QkJoaFhuVDUya2dJQTRKc3NmSXhKUjFNVEJLSURUCmFlSUFPOU1LSGV6N3VWNms3Rjd4SUcwbVUwalA1VzVVcWt5YXpObklwS0NreDhLeUN2dFd3akozYldmT2N2ZGQKS0piMUcrcTYxejJ1azB0VFlNNWdGOXdidDEwODI0YnkreFc1aW1zVW5RT01CVFFZUE9iMHdsRXk2UDRuZWRpZApnRjN3YUJMQmNIS3hKb3NPL3JlRXhrMG05ME1nK0J1NWhPM3ZtNFBWUFp5NXpobCtlZ3ViNk8yUXhyQUkvaWt4CnNnQlNVMzVLM3BiekdSSnMxQXpzR0k0PQotLS0tLUVORCBDRVJUSUZJQ0FURS0tLS0tCg==\n    client-key-data: LS0tLS1CRUdJTiBSU0EgUFJJVkFURSBLRVktLS0tLQpNSUlKS0FJQkFBS0NBZ0VBd3ZrcGJDRkFGSnJOZjV3U0NrdWpNa1Z4eklCVjNoWVNHNHNhWVF6ZkE5c203d1lJCmRMb0s1UEV0T2t1MHJaOFRwcm42enB5eUREdUlyTFc5ZW0xOGo3ajBWemRXNWp0c0s3L1hlQXRSd0hoVUQwLzUKaFpEc21Jd2RPSzJiUjJoVjhaZkZtcW5SQ2NwUkNGRUJNbng0UU01VS9hN1pSYWJRci9CYnZoSEZJcDFMYkNaWAp0TFR2YzM0TWtrcGtnK3BtYWJTNmlaMEJrUExTWEo3all0SjcxOCtVcW40TWlpV0dmUVZ1NGZaakV6NWdxZHMrCmx3Wk1saDNPblpYQkRkV2pvdHFLUDJ3dFZzdk0zZSsyRlhyQktZbnFmQnd0WW9oamZMQVZDM1NidnQ3RFlzcjYKUkcrUm8xMGttTDN1R2xsM0IrZUxrVnRMZlRmR0JZNU80RW1TQWVwNlh6ajZPaDFWWXZoZHUxUms5bUdUb0N3ZgpoWk5vU2kyZ21CMjFYWHJXbWxKeit0Q2xQa0NDZHZ3R1h3bVpuenREWEwyMkxqSFVib08ycDZ4Nmw3QTV2TEh2Cmx3TUx6S2k5VS9oT2IrRW9vanFuQ3BEZEV1ZTlKTVl3WWJpb0JsQ0NvRXlBNG0zeDVpL0dvYTNuV2h3cW1ObWsKWWp1WEZUMHQxNzZUYUZuVkNWd2VXRXl4S2EyK1lEMEY3UHhMeUZ1VXpGcC9VM25xTHlJWktKWnJiZ0VZU1dNZQpZemFJblBENGVGUUxvblMzWTVXSDRsKzRqdDIzdTVrOUptK29FK0VEY1ZNWk12NXl2biszNGhZUkxsb0VSaTM2Cm9DZmVmUk9PNTNJSUZkNWsva0ZKYWYvMlhKdmZXU0ZCQStHUlhYMFg4SE9EQ0dKSWlRbThxZGJBUnBNQ0F3RUEKQVFLQ0FnQTZrbStITkZYejJxMXhjSWxhM200Z1pBeFR5eG9BcGRDNnhZY2ZNS2F1bWQrUVh0ZWJlV2hjYnJlUAprNzZyaWVaMVo5bVl5Q29VMHEyMGRNUi9TdlRvbUQrUEUramZNV3JGbWRRNUUrMXpUTEswQnVxRzNZcTJLU0YrCkxXbEFnbStQTEhFSWpZdG16WWlhWHZ0bEYwOW82Sk5Qd244ekZYSUw2TUVtMEYvUWprQmlOUUtVSHVid1l5V1QKclJXVks0Mm9vOHFHSE15anBzN2JWRUFySitCY2JOZlVnQmwwUnVHb0hVRzZVREpqVFpIc2RSalFkZXY4RE9oTgpIdmZvR0E0WWxsNkJ2eFcveFdtK0lvMG8xci9Bb3RYMmd1Qi9nVW1oNDZQdTFSRVV2Z2NrWHFYZ2VVUGZOOVFPCnJzQWcyaytQNkZkZFMzZmFIaTgyN0JGMS82UUV0OSsxK0tTa1FrNUVPWnYwYWVLZFBvY1JiL2xudGdUQjI0d1MKdnV6Smg2TlYyKzlEaGRuc1BHeVJUQU44VnlZMHMwVGhrTmdPNDdxNmFMRWV6N0NjSFl3Ty95RE9mQjh5ODA1MQpUZ3VzczhxMnNvSzRzaHVUWm56d3pjV2h1RXpUWm9JejgrNmZzRGNtZW1rN09hSVl0a0l5c3htNFdGMnY2dlYwCmdWYUNBUFRHN1EvVzgzbHo3RFdxM2hZeS93WmtuL3JkdmJ3SVE5cjN1NW94Rm83akI2NktCSTV5aW40QWxMTm4KRTdCVzNTZWtZcjVUOFdQdTVMTm85V2V4Nzc0UHBiTDd6aVpKb1c0bk51clJ1c3FWQXV6MFY2RDBiVnVZelJuUQpnRGpTRmxhZnRleWliVlNoQWRVbkpOSC9ZcWRVVk5Jc2FKRWlZSVJ3VHpMbWhHUnhBUUtDQVFFQXd6dzBwQTNICnIwNUVVbkQvM1Jwek9tSVVnLzZHTFB3YTJKaWtsTWJRd1crY2ZVQ1hGZkc4dHZ3Q2FhWFgxcktHdW5KTHRHQWIKR1gxZGdGdzEwTzNmUXNKMzRKZmszQkJlSmQ0akx0WGZ1OGdoWVAya0oyL0pFR1JkRDlselMvM3IyandSOU9vYwo0ZFY1ZnVuZUVVUlFaL2xVQ25MTVNTWUhMUWx4WTlsK2hFQVdnYi81eXA4R3dxWnR6MlRxS3Q4MnYxREFpVER0CkZhRGEyUGhBcXRrMHdSUnkxelovUk54M09jaWNhcEVYWmtGTEl3a3IyYXVvcWxZUkUvTnFIUDFSSVkzVlVFSm4KaGEvQ0l5TkN5d1JKS3B0ZGNqY2JIdzU1R2xOMHJZTG5TcG94ZFhsZVFQK0tUWE1EcVNFdzhuMmZ0ZC9IVHBHWgpCUkpGUFdXdCsrcUZVUUtDQVFFQS82Z1c2clZhN3pEMHVvVFcyaUFWRlFtWjY1cEswdmJaVFNiNDU3UGYvU2x4ClRyeWFSbFU3OTZ6RDd2L0lTR2IrWDlJbDN0K3pQYW5KNjh4Yks0ejdwbmZWZU5KZXFYVHhQRGpacVZDdnhwNnQKTXpUMDl0ZWgwVThkZnVweE5UMC9XTU9wMUJJWWQvSWFzMXpZeTVZQksxMWNxbXFMbnlVZFdKT0F5cmcwb2pYZgpsYnJMRUpPbkRzQ3ZFNktwU21KdVhpdThCanNUNXpXRXJNSGZSc3lwN09GaWFyZHRjeXg0c01vdC8yOWhLdnVrCkE4ZUx4aUZJczdjMEJ6UTJKQkNiWU41WFBNQ2tEUDgwNGxQT3dqUlNpNmNGTFJSbGlaZW92STJOcnQzSGdHOUoKQzFCbng5Ri91M2FEOFJhQzRVSkFzRnFUaGlIZkVDV0JwUG81cDA0a293S0NBUUE2S2tTd241NWZQeDBoeHFLago5ODVlbFh2eE96STBVc09ZeGhrNmJlVWh6Q08rT1RFS0M2UWlqQUFZQTUzRFRCclJqMTI0bG0xY2Nib2FsTjQvCnFhNjdULzZ3L2Uva0ZFaElWZDc3aENLTTZubnZVSUhJY2doZ0J0YW04eXpqZGZuL1lhZ2o1Ri9JZEhZbTludi8KZnUvSm1rR01mMWtYYmVuelkvM1JOcW4zc3JSQjRiVUV4YzRZemNhblpEUlRvMzdIRHNMZDNLSzFyOStqaG9xVgptL0tZbDRRRFZDd2trdDQrYStNVjZMWWs4OHp6Mmphak9mNGRDVms3TFdqdXpCV1F2cFhQdklqbERsRHpjUHprClNSbVhSUVJaRTh2VHU5Y2VuY0NFTlJ5OVlDVGVEOU9oMzhBUGhQV1JQTjg5VDJuMm9IM2JqWXNlTkt4R04zWFgKT0s2UkFvSUJBQjBkMzc1TGVWZlVrNHJLcGsyaGFjVkRtcXdpbm5MNGVqYzNRUkhpZ3BncXFDVDNoZnFNcW8vQwp0VzM2NDZ5YlRrMUxlZFN3VlpHb1RMNzJQMHZ1ZXBxeSt6VVBnSWg4TVIxU3ZEZDBZUkNWOGRQckxCc1E0L1VhCnRabEd5aTN1RTlEZ04rOVhRRUlvNkxHVTJYd1dVWHZHM2s3cVk0eDBoYXNZNFlvMUFJbVk2U1g4YURRekhNdXAKVmtjK04xbXBiRGg5Y3FTakJkbEhWeHoxMTZBUW55bkRZWm9WMmZsTUQxTFRNL25yalgxL3UyWlN5N0I5Q2ZLdAo0dGNQTXp0WVNObjNlS2dLcUtSeVRHdWFiK25lVzZoY0ZWTFZCOXRyMG1QbkcwUFhMbW1LUXg5dXdPTVpFUnNnCm5GWlE0Z2NWckpocE9IUUdWNGxYUERTMTZ1c0xFMUVDZ2dFQkFLR1p6cWdSQkVNUmR1b0dhWWZwTTU0VkFGYXAKd2xhRzB3TitQdEN3ZTRVU1dDTUFGVHdhblU1YWJSSHFDUDBOc0djR0VKU3lRMmUvd3p2NkJNTFBpVmJuMHJPagpuemRPc0ZDbnJnd3BTVThRbGNFdFlyYmFwSmtOOGlraFRQK1ljSFlmM2tpeGZYZCtSNmxmR3VuR0ljU2Z0SnFVCm12WWoyY2lMOFNsRUJnSG9WNjdOdXdPS2xPT3BwdUdmZmx0cGY0L1I5anV2L0FMS3hxT0U0OTZqd1VWUHdVWTAKd0VoUU1lVGMwWWFhUzJaYml4NVEyZWZUOTBUY1VPbmdETHlFbG9NNWsrMk8vTUE5MHQ3SEZObGtWb2JWc0JPWgpQUkU2NnY2UGJVTm9jZTQvQ1VDcVhtZDJJOE1peEhWQkZ1c283bEVKZ2srbG9DYTBjaEF0Z3BLbG1GUT0KLS0tLS1FTkQgUlNBIFBSSVZBVEUgS0VZLS0tLS0K\n    token: c5c031c88eab2e3230d86933b9f56e051658fe06a1217510b55888b5f19c58865e542f985eba19a90631375cfd92a90d614348a808b3226b1a39917454437cd7\n",
            "kubelet_identity": [
              {
                "client_id": "bd270fe1-1d04-4681-b380-74547e5c6593",
                "object_id": "9783054b-513b-4f36-9c36-3abf306a12d2",
                "user_assigned_identity_id": "/subscriptions/9bdfaca1-a3d4-48ac-bfe2-7c09941bf920/resourceGroups/MC_prometheus_dserbeniuk_westus2/providers/Microsoft.ManagedIdentity/userAssignedIdentities/dserbeniuk-agentpool"
              }
            ],
            "kubernetes_version": "1.21.7",
            "linux_profile": [],
            "local_account_disabled": false,
            "location": "westus2",
            "maintenance_window": [],
            "name": "dserbeniuk",
            "network_profile": [
              {
                "dns_service_ip": "10.0.0.10",
                "docker_bridge_cidr": "172.17.0.1/16",
                "load_balancer_profile": [
                  {
                    "effective_outbound_ips": [
                      "/subscriptions/9bdfaca1-a3d4-48ac-bfe2-7c09941bf920/resourceGroups/MC_prometheus_dserbeniuk_westus2/providers/Microsoft.Network/publicIPAddresses/7841a878-919f-4ea1-8ced-1b25734a0dcd"
                    ],
                    "idle_timeout_in_minutes": 0,
                    "managed_outbound_ip_count": 1,
                    "outbound_ip_address_ids": [],
                    "outbound_ip_prefix_ids": [],
                    "outbound_ports_allocated": 0
                  }
                ],
                "load_balancer_sku": "standard",
                "nat_gateway_profile": [],
                "network_mode": "",
                "network_plugin": "kubenet",
                "network_policy": "",
                "outbound_type": "loadBalancer",
                "pod_cidr": "10.244.0.0/16",
                "service_cidr": "10.0.0.0/16"
              }
            ],
            "node_resource_group": "MC_prometheus_dserbeniuk_westus2",
            "oms_agent": [],
            "open_service_mesh_enabled": false,
            "portal_fqdn": "dserbeniuk-b648a351.portal.hcp.westus2.azmk8s.io",
            "private_cluster_enabled": false,
            "private_cluster_public_fqdn_enabled": false,
            "private_dns_zone_id": "",
            "private_fqdn": "",
            "private_link_enabled": false,
            "public_network_access_enabled": true,
            "resource_group_name": "prometheus",
            "role_based_access_control": [
              {
                "azure_active_directory": [],
                "enabled": true
              }
            ],
            "role_based_access_control_enabled": true,
            "service_principal": [],
            "sku_tier": "Free",
            "tags": {},
            "timeouts": null,
            "windows_profile": []
          },
          "sensitive_attributes": [],
          "private": "eyJlMmJmYjczMC1lY2FhLTExZTYtOGY4OC0zNDM2M2JjN2M0YzAiOnsiY3JlYXRlIjo1NDAwMDAwMDAwMDAwLCJkZWxldGUiOjU0MDAwMDAwMDAwMDAsInJlYWQiOjMwMDAwMDAwMDAwMCwidXBkYXRlIjo1NDAwMDAwMDAwMDAwfSwic2NoZW1hX3ZlcnNpb24iOiIyIn0=",
          "dependencies": [
            "azurerm_resource_group.aks-rg"
          ]
        }
      ]
    },
    {
      "mode": "managed",
      "type": "azurerm_resource_group",
      "name": "aks-rg",
      "provider": "provider[\"registry.terraform.io/hashicorp/azurerm\"]",
      "instances": [
        {
          "schema_version": 0,
          "attributes": {
            "id": "/subscriptions/9bdfaca1-a3d4-48ac-bfe2-7c09941bf920/resourceGroups/prometheus",
            "location": "westus2",
            "name": "prometheus",
            "tags": {},
            "timeouts": null
          },
          "sensitive_attributes": [],
          "private": "eyJlMmJmYjczMC1lY2FhLTExZTYtOGY4OC0zNDM2M2JjN2M0YzAiOnsiY3JlYXRlIjo1NDAwMDAwMDAwMDAwLCJkZWxldGUiOjU0MDAwMDAwMDAwMDAsInJlYWQiOjMwMDAwMDAwMDAwMCwidXBkYXRlIjo1NDAwMDAwMDAwMDAwfX0="
        }
      ]
    },
    {
      "mode": "managed",
      "type": "azurerm_role_assignment",
      "name": "role_acrpull",
      "provider": "provider[\"registry.terraform.io/hashicorp/azurerm\"]",
      "instances": [
        {
          "schema_version": 0,
          "attributes": {
            "condition": "",
            "condition_version": "",
            "delegated_managed_identity_resource_id": "",
            "description": "",
            "id": "/subscriptions/9bdfaca1-a3d4-48ac-bfe2-7c09941bf920/resourceGroups/prometheus/providers/Microsoft.ContainerRegistry/registries/myacr3210201020/providers/Microsoft.Authorization/roleAssignments/8e28c9b2-c9d4-1e84-134c-3118d7d54382",
            "name": "8e28c9b2-c9d4-1e84-134c-3118d7d54382",
            "principal_id": "9783054b-513b-4f36-9c36-3abf306a12d2",
            "principal_type": "ServicePrincipal",
            "role_definition_id": "/subscriptions/9bdfaca1-a3d4-48ac-bfe2-7c09941bf920/providers/Microsoft.Authorization/roleDefinitions/7f951dda-4ed3-4680-a7ca-43fe172d538d",
            "role_definition_name": "AcrPull",
            "scope": "/subscriptions/9bdfaca1-a3d4-48ac-bfe2-7c09941bf920/resourceGroups/prometheus/providers/Microsoft.ContainerRegistry/registries/myacr3210201020",
            "skip_service_principal_aad_check": true,
            "timeouts": null
          },
          "sensitive_attributes": [],
          "private": "eyJlMmJmYjczMC1lY2FhLTExZTYtOGY4OC0zNDM2M2JjN2M0YzAiOnsiY3JlYXRlIjoxODAwMDAwMDAwMDAwLCJkZWxldGUiOjE4MDAwMDAwMDAwMDAsInJlYWQiOjMwMDAwMDAwMDAwMCwidXBkYXRlIjoxODAwMDAwMDAwMDAwfX0=",
          "dependencies": [
            "azurerm_container_registry.acr",
            "azurerm_kubernetes_cluster.aks",
            "azurerm_resource_group.aks-rg"
          ]
        }
      ]
    },
    {
      "mode": "managed",
      "type": "kubernetes_namespace",
      "name": "namespace",
      "provider": "provider[\"registry.terraform.io/hashicorp/kubernetes\"]",
      "instances": [
        {
          "schema_version": 0,
          "attributes": {
            "id": "monitoring",
            "metadata": [
              {
                "annotations": {},
                "generate_name": "",
                "generation": 0,
                "labels": {},
                "name": "monitoring",
                "resource_version": "1233",
                "uid": "b8e1109b-4604-4fa4-801e-6cfb62f226f6"
              }
            ],
            "timeouts": null
          },
          "sensitive_attributes": [],
          "private": "eyJlMmJmYjczMC1lY2FhLTExZTYtOGY4OC0zNDM2M2JjN2M0YzAiOnsiZGVsZXRlIjozMDAwMDAwMDAwMDB9fQ==",
          "dependencies": [
            "azurerm_kubernetes_cluster.aks",
            "azurerm_resource_group.aks-rg"
          ]
        }
      ]
    },
    {
      "mode": "managed",
      "type": "local_file",
      "name": "kubeconfig",
      "provider": "provider[\"registry.terraform.io/hashicorp/local\"]",
      "instances": [
        {
          "schema_version": 0,
          "attributes": {
            "content": "apiVersion: v1\nclusters:\n- cluster:\n    certificate-authority-data: LS0tLS1CRUdJTiBDRVJUSUZJQ0FURS0tLS0tCk1JSUU2RENDQXRDZ0F3SUJBZ0lRRnJNWDB1ZndvVm9SUTRVN1R4OUN4akFOQmdrcWhraUc5dzBCQVFzRkFEQU4KTVFzd0NRWURWUVFERXdKallUQWdGdzB5TWpBek1UVXhPVEUwTkROYUdBOHlNRFV5TURNeE5URTVNalEwTTFvdwpEVEVMTUFrR0ExVUVBeE1DWTJFd2dnSWlNQTBHQ1NxR1NJYjNEUUVCQVFVQUE0SUNEd0F3Z2dJS0FvSUNBUURWCjdNa25laDJad29VcUtrQ3NJSjYrREM4R3ZCZ2dQZDVtd1RFaEZKbzFENjVrc2p0c3RMb3ovK2kyTm5nL3lVczYKTUdhOEFhRGptV3RTeUcrL2EzakdhalNZam14a2JJWFdabjFTaUlveUZqaDU3WkpMK2VZalkxYUV0MlhOcEUwcApNSnFIWWJMRlBENVozaHhUVCtQS3J0N1BuY3kvTkJjaXZSazVhQzRSc0MrVlo1R3ZwbVpheG5rUEI5TDRLL3RKCkJaOVJQMXJwUjhBZlhrcWR1VDNrY3EzeGVZc09uUmY0ZUpPZlpVYVVKMmw5SEp5MEtjaXRmYmlYYlNMTXEvejgKWHh0WkdUdW1kZCtLSzYrYVU0QnE2UHNZUTFDd2k1eHpDYkVoMEdST0Zyc1Nmb05ZM0tHZGU3Ykxhc2FEQTRENwphT2hnN1FtV1U1bEMzejU1NUlHaVRPcXYxQ1MxZkhZbEZNaUZ3YjFkT2NZeUM1eGVlZ3FXTXRrbkVINUNna0xqCkpTdHFabFhRZFQ5M3NLditEOWNvcGZ4QzY4NXZrY3VYVzdYM3FqM3JSbjRpY0ZVKytEa2dyZ01JVkpZTnFXS0wKeVc0VHRIODRqdVFaa0RBU2oxcTJWcXpJeVdVaFA4R3pjWFNSVUZFYVlYeHhHOEpvcG9MbEJZS2FXK2VSa2F4dApidE16VERXblBGUVoxR29wOG9Qd3VmbGFSMlR1M3FSN2NteDhzN054WWUzWk5RdFM4T1M3Z2lpZ0VrczEvWkZNCmdpZWp0WVhHd3ZMVDYwL0MxQTZKK25pdCtJYnJvajdJY2ZONGtQaXd3bzNweG9pVVhuWk5kNCtQWWZHbXB2ek0KVXk3aDZGbG1DWi9Bak16R2ZKT3hZdE9jUG5Kc3N5VjVKOVAwcldvci93SURBUUFCbzBJd1FEQU9CZ05WSFE4QgpBZjhFQkFNQ0FxUXdEd1lEVlIwVEFRSC9CQVV3QXdFQi96QWRCZ05WSFE0RUZnUVVhdk9DUTZOZ2lIeHQrZXpxCjFPaVRpaDQwRHNFd0RRWUpLb1pJaHZjTkFRRUxCUUFEZ2dJQkFJckhXQkxkTS9ad0Zub3N3NGlpbG56eVl6MzYKWGFIbTV6OC9QcCttTjJHSnJLMC9pZERUUnBnam5tbGI2Y3JEK0txKzBJeVVIT0VEYzlLcnZkTS9JWUp0OUFVZwo3b3ltUjBsZmxyVWtkNkxqU3JUamRCZjdnbGMyVjh4RVFvbkVtcnQ0a1ZYZW1RYmRjMUNleHBESUJldEhVZElRClcva3plNHhWRit1am12V3lHb0oxUFpHUkExNjlFZUx3RlEyUVd1Tnc3eHcyNUJ3U09NT1dsRmpHSUZNOHFLVVAKUGNIMVphb2pmUzNkVktoai85OGF1WG1DR3FvMVlhc1lNVDd3WVJoYTg0Qk91dzBsbGszVUZXbUdaU0VoSHJEaAp2VDhaTC9YQVJkb3RwbGRBV0NFMG8xTnRvdmVCMUljWjArRURMR0NkUUFrZkRsbzBoNGRzTnlBRjdFWDZQUldICmdxcGtMaERQQlc4Ukx3Q3BobUtmQWpxdnhNYVk2NHlvWEtRMEdTZmFrcmJ5VW1kbVl4d05hQm91Nkc1Ky90TjEKUmFkOXR1d3RST0RmcTZXQkw1K0U3cjZmTFVHTXQ4Zm5Wb1VtU1R4VXUyWGYyTXJSWjZNT1NkVTRYc0hDMVhNTQpjSTdhTlVKUmh5dGR1YXpSSWYrZXNveGRTdFF1QWhPMEJhNzlyT1NmQmVTQzBVOTd5Yk1INXNKQitxZWhRWWxTCm9JUmVvZnkwZmR5VXhKYXQwOHF3NGEzemdrc2c3b09VSnhkMGpZeE1qendYL0RHY3hJMEdGTnFDdEQ2RDN1cGQKWFlDUGN6RGxIb1JHL0x4Yk9laEZINFhYcmlJVW0xZkRVQjQwSlFkUjdmUEl3Y0ZLamd0UFBFVExzRUhEekVuWQpzblZ1UFVESXlTN2RxcElYCi0tLS0tRU5EIENFUlRJRklDQVRFLS0tLS0K\n    server: https://dserbeniuk-b648a351.hcp.westus2.azmk8s.io:443\n  name: dserbeniuk\ncontexts:\n- context:\n    cluster: dserbeniuk\n    user: clusterUser_prometheus_dserbeniuk\n  name: dserbeniuk\ncurrent-context: dserbeniuk\nkind: Config\npreferences: {}\nusers:\n- name: clusterUser_prometheus_dserbeniuk\n  user:\n    client-certificate-data: LS0tLS1CRUdJTiBDRVJUSUZJQ0FURS0tLS0tCk1JSUZIVENDQXdXZ0F3SUJBZ0lRTytZRE5pMVBrNVY2THhnaGhEZGgwakFOQmdrcWhraUc5dzBCQVFzRkFEQU4KTVFzd0NRWURWUVFERXdKallUQWVGdzB5TWpBek1UVXhPVEUwTkROYUZ3MHlOREF6TVRVeE9USTBORE5hTURBeApGekFWQmdOVkJBb1REbk41YzNSbGJUcHRZWE4wWlhKek1SVXdFd1lEVlFRREV3eHRZWE4wWlhKamJHbGxiblF3CmdnSWlNQTBHQ1NxR1NJYjNEUUVCQVFVQUE0SUNEd0F3Z2dJS0FvSUNBUURDK1Nsc0lVQVVtczEvbkJJS1M2TXkKUlhITWdGWGVGaEliaXhwaEROOEQyeWJ2QmdoMHVncms4UzA2UzdTdG54T211ZnJPbkxJTU80aXN0YjE2Ylh5UAp1UFJYTjFibU8yd3J2OWQ0QzFIQWVGUVBUL21Ga095WWpCMDRyWnRIYUZYeGw4V2FxZEVKeWxFSVVRRXlmSGhBCnpsVDlydGxGcHRDdjhGdStFY1VpblV0c0psZTB0Tzl6Zmd5U1NtU0Q2bVpwdExxSm5RR1E4dEpjbnVOaTBudlgKejVTcWZneUtKWVo5Qlc3aDltTVRQbUNwMno2WEJreVdIYzZkbGNFTjFhT2kyb28vYkMxV3k4emQ3N1lWZXNFcAppZXA4SEMxaWlHTjhzQlVMZEp1KzNzTml5dnBFYjVHalhTU1l2ZTRhV1hjSDU0dVJXMHQ5TjhZRmprN2dTWklCCjZucGZPUG82SFZWaStGMjdWR1QyWVpPZ0xCK0ZrMmhLTGFDWUhiVmRldGFhVW5QNjBLVStRSUoyL0FaZkNabWYKTzBOY3ZiWXVNZFJ1ZzdhbnJIcVhzRG04c2UrWEF3dk1xTDFUK0U1djRTaWlPcWNLa04wUzU3MGt4akJodUtnRwpVSUtnVElEaWJmSG1MOGFocmVkYUhDcVkyYVJpTzVjVlBTM1h2cE5vV2RVSlhCNVlUTEVwcmI1Z1BRWHMvRXZJClc1VE1XbjlUZWVvdkloa29sbXR1QVJoSll4NWpOb2ljOFBoNFZBdWlkTGRqbFlmaVg3aU8zYmU3bVQwbWI2Z1QKNFFOeFV4a3kvbksrZjdmaUZoRXVXZ1JHTGZxZ0o5NTlFNDduY2dnVjNtVCtRVWxwLy9aY205OVpJVUVENFpGZApmUmZ3YzRNSVlraUpDYnlwMXNCR2t3SURBUUFCbzFZd1ZEQU9CZ05WSFE4QkFmOEVCQU1DQmFBd0V3WURWUjBsCkJBd3dDZ1lJS3dZQkJRVUhBd0l3REFZRFZSMFRBUUgvQkFJd0FEQWZCZ05WSFNNRUdEQVdnQlJxODRKRG8yQ0kKZkczNTdPclU2Sk9LSGpRT3dUQU5CZ2txaGtpRzl3MEJBUXNGQUFPQ0FnRUF6MFZscHB1emdOdkpOa3NFb2p3Kwp0a2ZJWUlINTJPb3NodHgrUUVKdFMzNDVUYWUwRXphYlVkSGlyMXhXc0tUNmJXNjhya1JKdnd2QmdzTFlhdjZxCjNjYy9TZHNHc1FRdVE3NVFMQWk3T3krS0poOU9qWWtWcmhTWXozVnRaM0Q1NEduVU9ETU9HVkJTamVzaXJlT2wKOHhnL0lGb0RwMWxwK1hRTlZNbWE0WG5lWDZ3eklvTFBSZ0dNQ3Zaa2FEV1BSVDFZY0Y1UHVRSExzeW40Sm9tNAp6dVhMeVBZVTJZZWdoUk12aUtVUEl2VjI0bHpTZGdrOVNKUVpZZGdXQUZINmplMmN5M3B1QngveW1oSGhrSVplClk2ZDlReVpjaWw2eWhmVGlpMjlsd0VPY3pQSnhkNU5WSGIwMmhwamp1bzdBL05zdGVqNXR5M3JZSEhyaTJLVnkKTFBkVHQwNXlBVHM3ZkJ3MmN3QWtSTHRyN2c0dHZZb2o4NDlVdVdSTDZidzc5MFQ1Um5IRUh2WDVoRk5iUXZpNwowMHlBd1BtbzlDZm1KUWFtenZxMTJFdG9LVHE0VktVeEo5QkJoaFhuVDUya2dJQTRKc3NmSXhKUjFNVEJLSURUCmFlSUFPOU1LSGV6N3VWNms3Rjd4SUcwbVUwalA1VzVVcWt5YXpObklwS0NreDhLeUN2dFd3akozYldmT2N2ZGQKS0piMUcrcTYxejJ1azB0VFlNNWdGOXdidDEwODI0YnkreFc1aW1zVW5RT01CVFFZUE9iMHdsRXk2UDRuZWRpZApnRjN3YUJMQmNIS3hKb3NPL3JlRXhrMG05ME1nK0J1NWhPM3ZtNFBWUFp5NXpobCtlZ3ViNk8yUXhyQUkvaWt4CnNnQlNVMzVLM3BiekdSSnMxQXpzR0k0PQotLS0tLUVORCBDRVJUSUZJQ0FURS0tLS0tCg==\n    client-key-data: LS0tLS1CRUdJTiBSU0EgUFJJVkFURSBLRVktLS0tLQpNSUlKS0FJQkFBS0NBZ0VBd3ZrcGJDRkFGSnJOZjV3U0NrdWpNa1Z4eklCVjNoWVNHNHNhWVF6ZkE5c203d1lJCmRMb0s1UEV0T2t1MHJaOFRwcm42enB5eUREdUlyTFc5ZW0xOGo3ajBWemRXNWp0c0s3L1hlQXRSd0hoVUQwLzUKaFpEc21Jd2RPSzJiUjJoVjhaZkZtcW5SQ2NwUkNGRUJNbng0UU01VS9hN1pSYWJRci9CYnZoSEZJcDFMYkNaWAp0TFR2YzM0TWtrcGtnK3BtYWJTNmlaMEJrUExTWEo3all0SjcxOCtVcW40TWlpV0dmUVZ1NGZaakV6NWdxZHMrCmx3Wk1saDNPblpYQkRkV2pvdHFLUDJ3dFZzdk0zZSsyRlhyQktZbnFmQnd0WW9oamZMQVZDM1NidnQ3RFlzcjYKUkcrUm8xMGttTDN1R2xsM0IrZUxrVnRMZlRmR0JZNU80RW1TQWVwNlh6ajZPaDFWWXZoZHUxUms5bUdUb0N3ZgpoWk5vU2kyZ21CMjFYWHJXbWxKeit0Q2xQa0NDZHZ3R1h3bVpuenREWEwyMkxqSFVib08ycDZ4Nmw3QTV2TEh2Cmx3TUx6S2k5VS9oT2IrRW9vanFuQ3BEZEV1ZTlKTVl3WWJpb0JsQ0NvRXlBNG0zeDVpL0dvYTNuV2h3cW1ObWsKWWp1WEZUMHQxNzZUYUZuVkNWd2VXRXl4S2EyK1lEMEY3UHhMeUZ1VXpGcC9VM25xTHlJWktKWnJiZ0VZU1dNZQpZemFJblBENGVGUUxvblMzWTVXSDRsKzRqdDIzdTVrOUptK29FK0VEY1ZNWk12NXl2biszNGhZUkxsb0VSaTM2Cm9DZmVmUk9PNTNJSUZkNWsva0ZKYWYvMlhKdmZXU0ZCQStHUlhYMFg4SE9EQ0dKSWlRbThxZGJBUnBNQ0F3RUEKQVFLQ0FnQTZrbStITkZYejJxMXhjSWxhM200Z1pBeFR5eG9BcGRDNnhZY2ZNS2F1bWQrUVh0ZWJlV2hjYnJlUAprNzZyaWVaMVo5bVl5Q29VMHEyMGRNUi9TdlRvbUQrUEUramZNV3JGbWRRNUUrMXpUTEswQnVxRzNZcTJLU0YrCkxXbEFnbStQTEhFSWpZdG16WWlhWHZ0bEYwOW82Sk5Qd244ekZYSUw2TUVtMEYvUWprQmlOUUtVSHVid1l5V1QKclJXVks0Mm9vOHFHSE15anBzN2JWRUFySitCY2JOZlVnQmwwUnVHb0hVRzZVREpqVFpIc2RSalFkZXY4RE9oTgpIdmZvR0E0WWxsNkJ2eFcveFdtK0lvMG8xci9Bb3RYMmd1Qi9nVW1oNDZQdTFSRVV2Z2NrWHFYZ2VVUGZOOVFPCnJzQWcyaytQNkZkZFMzZmFIaTgyN0JGMS82UUV0OSsxK0tTa1FrNUVPWnYwYWVLZFBvY1JiL2xudGdUQjI0d1MKdnV6Smg2TlYyKzlEaGRuc1BHeVJUQU44VnlZMHMwVGhrTmdPNDdxNmFMRWV6N0NjSFl3Ty95RE9mQjh5ODA1MQpUZ3VzczhxMnNvSzRzaHVUWm56d3pjV2h1RXpUWm9JejgrNmZzRGNtZW1rN09hSVl0a0l5c3htNFdGMnY2dlYwCmdWYUNBUFRHN1EvVzgzbHo3RFdxM2hZeS93WmtuL3JkdmJ3SVE5cjN1NW94Rm83akI2NktCSTV5aW40QWxMTm4KRTdCVzNTZWtZcjVUOFdQdTVMTm85V2V4Nzc0UHBiTDd6aVpKb1c0bk51clJ1c3FWQXV6MFY2RDBiVnVZelJuUQpnRGpTRmxhZnRleWliVlNoQWRVbkpOSC9ZcWRVVk5Jc2FKRWlZSVJ3VHpMbWhHUnhBUUtDQVFFQXd6dzBwQTNICnIwNUVVbkQvM1Jwek9tSVVnLzZHTFB3YTJKaWtsTWJRd1crY2ZVQ1hGZkc4dHZ3Q2FhWFgxcktHdW5KTHRHQWIKR1gxZGdGdzEwTzNmUXNKMzRKZmszQkJlSmQ0akx0WGZ1OGdoWVAya0oyL0pFR1JkRDlselMvM3IyandSOU9vYwo0ZFY1ZnVuZUVVUlFaL2xVQ25MTVNTWUhMUWx4WTlsK2hFQVdnYi81eXA4R3dxWnR6MlRxS3Q4MnYxREFpVER0CkZhRGEyUGhBcXRrMHdSUnkxelovUk54M09jaWNhcEVYWmtGTEl3a3IyYXVvcWxZUkUvTnFIUDFSSVkzVlVFSm4KaGEvQ0l5TkN5d1JKS3B0ZGNqY2JIdzU1R2xOMHJZTG5TcG94ZFhsZVFQK0tUWE1EcVNFdzhuMmZ0ZC9IVHBHWgpCUkpGUFdXdCsrcUZVUUtDQVFFQS82Z1c2clZhN3pEMHVvVFcyaUFWRlFtWjY1cEswdmJaVFNiNDU3UGYvU2x4ClRyeWFSbFU3OTZ6RDd2L0lTR2IrWDlJbDN0K3pQYW5KNjh4Yks0ejdwbmZWZU5KZXFYVHhQRGpacVZDdnhwNnQKTXpUMDl0ZWgwVThkZnVweE5UMC9XTU9wMUJJWWQvSWFzMXpZeTVZQksxMWNxbXFMbnlVZFdKT0F5cmcwb2pYZgpsYnJMRUpPbkRzQ3ZFNktwU21KdVhpdThCanNUNXpXRXJNSGZSc3lwN09GaWFyZHRjeXg0c01vdC8yOWhLdnVrCkE4ZUx4aUZJczdjMEJ6UTJKQkNiWU41WFBNQ2tEUDgwNGxQT3dqUlNpNmNGTFJSbGlaZW92STJOcnQzSGdHOUoKQzFCbng5Ri91M2FEOFJhQzRVSkFzRnFUaGlIZkVDV0JwUG81cDA0a293S0NBUUE2S2tTd241NWZQeDBoeHFLago5ODVlbFh2eE96STBVc09ZeGhrNmJlVWh6Q08rT1RFS0M2UWlqQUFZQTUzRFRCclJqMTI0bG0xY2Nib2FsTjQvCnFhNjdULzZ3L2Uva0ZFaElWZDc3aENLTTZubnZVSUhJY2doZ0J0YW04eXpqZGZuL1lhZ2o1Ri9JZEhZbTludi8KZnUvSm1rR01mMWtYYmVuelkvM1JOcW4zc3JSQjRiVUV4YzRZemNhblpEUlRvMzdIRHNMZDNLSzFyOStqaG9xVgptL0tZbDRRRFZDd2trdDQrYStNVjZMWWs4OHp6Mmphak9mNGRDVms3TFdqdXpCV1F2cFhQdklqbERsRHpjUHprClNSbVhSUVJaRTh2VHU5Y2VuY0NFTlJ5OVlDVGVEOU9oMzhBUGhQV1JQTjg5VDJuMm9IM2JqWXNlTkt4R04zWFgKT0s2UkFvSUJBQjBkMzc1TGVWZlVrNHJLcGsyaGFjVkRtcXdpbm5MNGVqYzNRUkhpZ3BncXFDVDNoZnFNcW8vQwp0VzM2NDZ5YlRrMUxlZFN3VlpHb1RMNzJQMHZ1ZXBxeSt6VVBnSWg4TVIxU3ZEZDBZUkNWOGRQckxCc1E0L1VhCnRabEd5aTN1RTlEZ04rOVhRRUlvNkxHVTJYd1dVWHZHM2s3cVk0eDBoYXNZNFlvMUFJbVk2U1g4YURRekhNdXAKVmtjK04xbXBiRGg5Y3FTakJkbEhWeHoxMTZBUW55bkRZWm9WMmZsTUQxTFRNL25yalgxL3UyWlN5N0I5Q2ZLdAo0dGNQTXp0WVNObjNlS2dLcUtSeVRHdWFiK25lVzZoY0ZWTFZCOXRyMG1QbkcwUFhMbW1LUXg5dXdPTVpFUnNnCm5GWlE0Z2NWckpocE9IUUdWNGxYUERTMTZ1c0xFMUVDZ2dFQkFLR1p6cWdSQkVNUmR1b0dhWWZwTTU0VkFGYXAKd2xhRzB3TitQdEN3ZTRVU1dDTUFGVHdhblU1YWJSSHFDUDBOc0djR0VKU3lRMmUvd3p2NkJNTFBpVmJuMHJPagpuemRPc0ZDbnJnd3BTVThRbGNFdFlyYmFwSmtOOGlraFRQK1ljSFlmM2tpeGZYZCtSNmxmR3VuR0ljU2Z0SnFVCm12WWoyY2lMOFNsRUJnSG9WNjdOdXdPS2xPT3BwdUdmZmx0cGY0L1I5anV2L0FMS3hxT0U0OTZqd1VWUHdVWTAKd0VoUU1lVGMwWWFhUzJaYml4NVEyZWZUOTBUY1VPbmdETHlFbG9NNWsrMk8vTUE5MHQ3SEZObGtWb2JWc0JPWgpQUkU2NnY2UGJVTm9jZTQvQ1VDcVhtZDJJOE1peEhWQkZ1c283bEVKZ2srbG9DYTBjaEF0Z3BLbG1GUT0KLS0tLS1FTkQgUlNBIFBSSVZBVEUgS0VZLS0tLS0K\n    token: c5c031c88eab2e3230d86933b9f56e051658fe06a1217510b55888b5f19c58865e542f985eba19a90631375cfd92a90d614348a808b3226b1a39917454437cd7\n",
            "content_base64": null,
            "directory_permission": "0777",
            "file_permission": "0777",
            "filename": "kubeconfig",
            "id": "bea39313e70c59e7db4e480c0d31c4d300c7c7de",
            "sensitive_content": null,
            "source": null
          },
          "sensitive_attributes": [
            [
              {
                "type": "get_attr",
                "value": "content"
              }
            ]
          ],
          "private": "bnVsbA==",
          "dependencies": [
            "azurerm_kubernetes_cluster.aks",
            "azurerm_resource_group.aks-rg"
          ]
        }
      ]
    },
    {
      "module": "module.cert-manager",
      "mode": "data",
      "type": "kubernetes_service",
      "name": "grafana",
      "provider": "provider[\"registry.terraform.io/hashicorp/kubernetes\"]",
      "instances": [
        {
          "schema_version": 0,
          "attributes": {
            "id": "monitoring/traefik",
            "metadata": [
              {
                "annotations": {
                  "meta.helm.sh/release-name": "traefik",
                  "meta.helm.sh/release-namespace": "monitoring"
                },
                "generation": 0,
                "labels": {
                  "app.kubernetes.io/instance": "traefik",
                  "app.kubernetes.io/managed-by": "Helm",
                  "app.kubernetes.io/name": "traefik",
                  "helm.sh/chart": "traefik-9.18.2"
                },
                "name": "traefik",
                "namespace": "monitoring",
                "resource_version": "419869",
                "uid": "a01ff8de-60f6-40b0-89dc-e3546be49950"
              }
            ],
            "spec": [
              {
                "cluster_ip": "10.0.182.19",
                "external_ips": [],
                "external_name": "",
                "external_traffic_policy": "Cluster",
                "health_check_node_port": 0,
                "load_balancer_ip": "",
                "load_balancer_source_ranges": [],
                "port": [
                  {
                    "name": "web",
                    "node_port": 30747,
                    "port": 80,
                    "protocol": "TCP",
                    "target_port": "web"
                  },
                  {
                    "name": "websecure",
                    "node_port": 30042,
                    "port": 443,
                    "protocol": "TCP",
                    "target_port": "websecure"
                  }
                ],
                "publish_not_ready_addresses": false,
                "selector": {
                  "app.kubernetes.io/instance": "traefik",
                  "app.kubernetes.io/name": "traefik"
                },
                "session_affinity": "None",
                "type": "LoadBalancer"
              }
            ],
            "status": [
              {
                "load_balancer": [
                  {
                    "ingress": [
                      {
                        "hostname": "",
                        "ip": "52.137.97.166"
                      }
                    ]
                  }
                ]
              }
            ]
          },
          "sensitive_attributes": []
        }
      ]
    },
    {
      "module": "module.cert-manager",
      "mode": "managed",
      "type": "cloudflare_record",
      "name": "traefik",
      "provider": "module.cert-manager.provider[\"registry.terraform.io/cloudflare/cloudflare\"]",
      "instances": [
        {
          "schema_version": 2,
          "attributes": {
            "allow_overwrite": false,
            "created_on": "2022-03-17T15:58:23.707805Z",
            "data": [],
            "hostname": "grafana1648factory.net.grafana.net",
            "id": "209e1e34c5459f748b2362efdacf1a7c",
            "metadata": {
              "auto_added": "false",
              "managed_by_apps": "false",
              "managed_by_argo_tunnel": "false",
              "source": "primary"
            },
            "modified_on": "2022-03-17T19:37:50.895618Z",
            "name": "grafana1648factory.net",
            "priority": null,
            "proxiable": true,
            "proxied": true,
            "timeouts": null,
            "ttl": 1,
            "type": "A",
            "value": "52.137.97.166",
            "zone_id": "e617733fb42a7dc87c2bf4bd417daf9a"
          },
          "sensitive_attributes": [],
          "private": "eyJlMmJmYjczMC1lY2FhLTExZTYtOGY4OC0zNDM2M2JjN2M0YzAiOnsiY3JlYXRlIjozMDAwMDAwMDAwMCwidXBkYXRlIjozMDAwMDAwMDAwMH0sInNjaGVtYV92ZXJzaW9uIjoiMiJ9",
          "dependencies": [
            "azurerm_kubernetes_cluster.aks",
            "module.cert-manager.data.kubernetes_service.grafana"
          ]
        }
      ]
    },
    {
      "module": "module.cert-manager",
      "mode": "managed",
      "type": "helm_release",
      "name": "cert_manager",
      "provider": "provider[\"registry.terraform.io/hashicorp/helm\"]",
      "instances": [
        {
          "schema_version": 0,
          "attributes": {
            "atomic": false,
            "chart": "cert-manager",
            "cleanup_on_fail": false,
            "create_namespace": false,
            "dependency_update": false,
            "description": null,
            "devel": null,
            "disable_crd_hooks": false,
            "disable_openapi_validation": false,
            "disable_webhooks": false,
            "force_update": false,
            "id": "cert-manager",
            "keyring": null,
            "lint": false,
            "manifest": null,
            "max_history": 0,
            "metadata": [
              {
                "app_version": "v1.3.1",
                "chart": "cert-manager",
                "name": "cert-manager",
                "namespace": "cert-manager",
                "revision": 1,
                "values": "{\"installCRDs\":true}",
                "version": "v1.3.1"
              }
            ],
            "name": "cert-manager",
            "namespace": "cert-manager",
            "postrender": [],
            "recreate_pods": false,
            "render_subchart_notes": true,
            "replace": false,
            "repository": "https://charts.jetstack.io",
            "repository_ca_file": null,
            "repository_cert_file": null,
            "repository_key_file": null,
            "repository_password": null,
            "repository_username": null,
            "reset_values": false,
            "reuse_values": false,
            "set": [
              {
                "name": "installCRDs",
                "type": "",
                "value": "true"
              }
            ],
            "set_sensitive": [],
            "skip_crds": false,
            "status": "deployed",
            "timeout": 300,
            "values": null,
            "verify": false,
            "version": "v1.3.1",
            "wait": true,
            "wait_for_jobs": false
          },
          "sensitive_attributes": [],
          "private": "bnVsbA==",
          "dependencies": [
            "azurerm_kubernetes_cluster.aks",
            "azurerm_resource_group.aks-rg",
            "module.cert-manager.kubernetes_namespace.cert_manager"
          ]
        }
      ]
    },
    {
      "module": "module.cert-manager",
      "mode": "managed",
      "type": "helm_release",
      "name": "traefik",
      "provider": "provider[\"registry.terraform.io/hashicorp/helm\"]",
      "instances": [
        {
          "schema_version": 0,
          "attributes": {
            "atomic": false,
            "chart": "traefik",
            "cleanup_on_fail": false,
            "create_namespace": false,
            "dependency_update": false,
            "description": null,
            "devel": null,
            "disable_crd_hooks": false,
            "disable_openapi_validation": false,
            "disable_webhooks": false,
            "force_update": false,
            "id": "traefik",
            "keyring": null,
            "lint": false,
            "manifest": null,
            "max_history": 0,
            "metadata": [
              {
                "app_version": "2.4.8",
                "chart": "traefik",
                "name": "traefik",
                "namespace": "monitoring",
                "revision": 1,
                "values": "{\"additionalArguments\":[\"--entryPoints.websecure.forwardedHeaders.trustedIPs=10.0.0.0/8\"],\"ports\":{\"web\":{\"redirectTo\":\"websecure\"}}}",
                "version": "9.18.2"
              }
            ],
            "name": "traefik",
            "namespace": "monitoring",
            "postrender": [],
            "recreate_pods": false,
            "render_subchart_notes": true,
            "replace": false,
            "repository": "https://helm.traefik.io/traefik",
            "repository_ca_file": null,
            "repository_cert_file": null,
            "repository_key_file": null,
            "repository_password": null,
            "repository_username": null,
            "reset_values": false,
            "reuse_values": false,
            "set": [
              {
                "name": "additionalArguments",
                "type": "",
                "value": "{--entryPoints.websecure.forwardedHeaders.trustedIPs=10.0.0.0/8}"
              },
              {
                "name": "ports.web.redirectTo",
                "type": "",
                "value": "websecure"
              }
            ],
            "set_sensitive": [],
            "skip_crds": false,
            "status": "deployed",
            "timeout": 300,
            "values": null,
            "verify": false,
            "version": "9.18.2",
            "wait": true,
            "wait_for_jobs": false
          },
          "sensitive_attributes": [],
          "private": "bnVsbA==",
          "dependencies": [
            "azurerm_kubernetes_cluster.aks",
            "azurerm_resource_group.aks-rg"
          ]
        }
      ]
    },
    {
      "module": "module.cert-manager",
      "mode": "managed",
      "type": "kubernetes_manifest",
      "name": "letsencrypt_issuer_production",
      "provider": "provider[\"registry.terraform.io/hashicorp/kubernetes-alpha\"]",
      "instances": [
        {
          "schema_version": 1,
          "attributes": {
            "manifest": {
              "value": {
                "apiVersion": "cert-manager.io/v1",
                "kind": "ClusterIssuer",
                "metadata": {
                  "name": "letsencrypt-production"
                },
                "spec": {
                  "acme": {
                    "email": "dserbenyukgood@gmail.com",
                    "privateKeySecretRef": {
                      "name": "issuer-account-key-letsencrypt-production"
                    },
                    "server": "https://acme-v02.api.letsencrypt.org/directory",
                    "solvers": [
                      {
                        "dns01": {
                          "cloudflare": {
                            "apiTokenSecretRef": {
                              "key": "api-token",
                              "name": "letsencrypt-cloudflare-api-token-secret"
                            }
                          }
                        }
                      }
                    ]
                  }
                }
              },
              "type": [
                "object",
                {
                  "apiVersion": "string",
                  "kind": "string",
                  "metadata": [
                    "object",
                    {
                      "name": "string"
                    }
                  ],
                  "spec": [
                    "object",
                    {
                      "acme": [
                        "object",
                        {
                          "email": "string",
                          "privateKeySecretRef": [
                            "object",
                            {
                              "name": "string"
                            }
                          ],
                          "server": "string",
                          "solvers": [
                            "tuple",
                            [
                              [
                                "object",
                                {
                                  "dns01": [
                                    "object",
                                    {
                                      "cloudflare": [
                                        "object",
                                        {
                                          "apiTokenSecretRef": [
                                            "object",
                                            {
                                              "key": "string",
                                              "name": "string"
                                            }
                                          ]
                                        }
                                      ]
                                    }
                                  ]
                                }
                              ]
                            ]
                          ]
                        }
                      ]
                    }
                  ]
                }
              ]
            },
            "object": {
              "value": {
                "apiVersion": "cert-manager.io/v1",
                "kind": "ClusterIssuer",
                "metadata": {
                  "name": "letsencrypt-production"
                },
                "spec": {
                  "acme": {
                    "disableAccountKeyGeneration": null,
                    "email": "dserbenyukgood@gmail.com",
                    "enableDurationFeature": null,
                    "externalAccountBinding": {
                      "keyAlgorithm": null,
                      "keyID": null,
                      "keySecretRef": {
                        "key": null,
                        "name": null
                      }
                    },
                    "preferredChain": "",
                    "privateKeySecretRef": {
                      "key": null,
                      "name": "issuer-account-key-letsencrypt-production"
                    },
                    "server": "https://acme-v02.api.letsencrypt.org/directory",
                    "skipTLSVerify": null,
                    "solvers": [
                      {
                        "dns01": {
                          "acmeDNS": {
                            "accountSecretRef": {
                              "key": null,
                              "name": null
                            },
                            "host": null
                          },
                          "akamai": {
                            "accessTokenSecretRef": {
                              "key": null,
                              "name": null
                            },
                            "clientSecretSecretRef": {
                              "key": null,
                              "name": null
                            },
                            "clientTokenSecretRef": {
                              "key": null,
                              "name": null
                            },
                            "serviceConsumerDomain": null
                          },
                          "azureDNS": {
                            "clientID": null,
                            "clientSecretSecretRef": {
                              "key": null,
                              "name": null
                            },
                            "environment": null,
                            "hostedZoneName": null,
                            "resourceGroupName": null,
                            "subscriptionID": null,
                            "tenantID": null
                          },
                          "cloudDNS": {
                            "hostedZoneName": null,
                            "project": null,
                            "serviceAccountSecretRef": {
                              "key": null,
                              "name": null
                            }
                          },
                          "cloudflare": {
                            "apiKeySecretRef": {
                              "key": null,
                              "name": null
                            },
                            "apiTokenSecretRef": {
                              "key": "api-token",
                              "name": "letsencrypt-cloudflare-api-token-secret"
                            },
                            "email": null
                          },
                          "cnameStrategy": null,
                          "digitalocean": {
                            "tokenSecretRef": {
                              "key": null,
                              "name": null
                            }
                          },
                          "rfc2136": {
                            "nameserver": null,
                            "tsigAlgorithm": null,
                            "tsigKeyName": null,
                            "tsigSecretSecretRef": {
                              "key": null,
                              "name": null
                            }
                          },
                          "route53": {
                            "accessKeyID": null,
                            "hostedZoneID": null,
                            "region": null,
                            "role": null,
                            "secretAccessKeySecretRef": {
                              "key": null,
                              "name": null
                            }
                          },
                          "webhook": {
                            "config": null,
                            "groupName": null,
                            "solverName": null
                          }
                        },
                        "http01": {
                          "ingress": {
                            "class": null,
                            "ingressTemplate": {
                              "metadata": {
                                "annotations": null,
                                "labels": null
                              }
                            },
                            "name": null,
                            "podTemplate": {
                              "metadata": {
                                "annotations": null,
                                "labels": null
                              },
                              "spec": {
                                "affinity": {
                                  "nodeAffinity": {
                                    "preferredDuringSchedulingIgnoredDuringExecution": null,
                                    "requiredDuringSchedulingIgnoredDuringExecution": {
                                      "nodeSelectorTerms": null
                                    }
                                  },
                                  "podAffinity": {
                                    "preferredDuringSchedulingIgnoredDuringExecution": null,
                                    "requiredDuringSchedulingIgnoredDuringExecution": null
                                  },
                                  "podAntiAffinity": {
                                    "preferredDuringSchedulingIgnoredDuringExecution": null,
                                    "requiredDuringSchedulingIgnoredDuringExecution": null
                                  }
                                },
                                "nodeSelector": null,
                                "priorityClassName": null,
                                "serviceAccountName": null,
                                "tolerations": null
                              }
                            },
                            "serviceType": null
                          }
                        },
                        "selector": {
                          "dnsNames": null,
                          "dnsZones": null,
                          "matchLabels": null
                        }
                      }
                    ]
                  },
                  "ca": {
                    "crlDistributionPoints": null,
                    "ocspServers": null,
                    "secretName": null
                  },
                  "selfSigned": {
                    "crlDistributionPoints": null
                  },
                  "vault": {
                    "auth": {
                      "appRole": {
                        "path": null,
                        "roleId": null,
                        "secretRef": {
                          "key": null,
                          "name": null
                        }
                      },
                      "kubernetes": {
                        "mountPath": null,
                        "role": null,
                        "secretRef": {
                          "key": null,
                          "name": null
                        }
                      },
                      "tokenSecretRef": {
                        "key": null,
                        "name": null
                      }
                    },
                    "caBundle": null,
                    "namespace": null,
                    "path": null,
                    "server": null
                  },
                  "venafi": {
                    "cloud": {
                      "apiTokenSecretRef": {
                        "key": null,
                        "name": null
                      },
                      "url": null
                    },
                    "tpp": {
                      "caBundle": null,
                      "credentialsRef": {
                        "name": null
                      },
                      "url": null
                    },
                    "zone": null
                  }
                }
              },
              "type": [
                "object",
                {
                  "apiVersion": "string",
                  "kind": "string",
                  "metadata": [
                    "object",
                    {
                      "name": "string"
                    }
                  ],
                  "spec": [
                    "object",
                    {
                      "acme": [
                        "object",
                        {
                          "disableAccountKeyGeneration": "bool",
                          "email": "string",
                          "enableDurationFeature": "bool",
                          "externalAccountBinding": [
                            "object",
                            {
                              "keyAlgorithm": "string",
                              "keyID": "string",
                              "keySecretRef": [
                                "object",
                                {
                                  "key": "string",
                                  "name": "string"
                                }
                              ]
                            }
                          ],
                          "preferredChain": "string",
                          "privateKeySecretRef": [
                            "object",
                            {
                              "key": "string",
                              "name": "string"
                            }
                          ],
                          "server": "string",
                          "skipTLSVerify": "bool",
                          "solvers": [
                            "list",
                            [
                              "object",
                              {
                                "dns01": [
                                  "object",
                                  {
                                    "acmeDNS": [
                                      "object",
                                      {
                                        "accountSecretRef": [
                                          "object",
                                          {
                                            "key": "string",
                                            "name": "string"
                                          }
                                        ],
                                        "host": "string"
                                      }
                                    ],
                                    "akamai": [
                                      "object",
                                      {
                                        "accessTokenSecretRef": [
                                          "object",
                                          {
                                            "key": "string",
                                            "name": "string"
                                          }
                                        ],
                                        "clientSecretSecretRef": [
                                          "object",
                                          {
                                            "key": "string",
                                            "name": "string"
                                          }
                                        ],
                                        "clientTokenSecretRef": [
                                          "object",
                                          {
                                            "key": "string",
                                            "name": "string"
                                          }
                                        ],
                                        "serviceConsumerDomain": "string"
                                      }
                                    ],
                                    "azureDNS": [
                                      "object",
                                      {
                                        "clientID": "string",
                                        "clientSecretSecretRef": [
                                          "object",
                                          {
                                            "key": "string",
                                            "name": "string"
                                          }
                                        ],
                                        "environment": "string",
                                        "hostedZoneName": "string",
                                        "resourceGroupName": "string",
                                        "subscriptionID": "string",
                                        "tenantID": "string"
                                      }
                                    ],
                                    "cloudDNS": [
                                      "object",
                                      {
                                        "hostedZoneName": "string",
                                        "project": "string",
                                        "serviceAccountSecretRef": [
                                          "object",
                                          {
                                            "key": "string",
                                            "name": "string"
                                          }
                                        ]
                                      }
                                    ],
                                    "cloudflare": [
                                      "object",
                                      {
                                        "apiKeySecretRef": [
                                          "object",
                                          {
                                            "key": "string",
                                            "name": "string"
                                          }
                                        ],
                                        "apiTokenSecretRef": [
                                          "object",
                                          {
                                            "key": "string",
                                            "name": "string"
                                          }
                                        ],
                                        "email": "string"
                                      }
                                    ],
                                    "cnameStrategy": "string",
                                    "digitalocean": [
                                      "object",
                                      {
                                        "tokenSecretRef": [
                                          "object",
                                          {
                                            "key": "string",
                                            "name": "string"
                                          }
                                        ]
                                      }
                                    ],
                                    "rfc2136": [
                                      "object",
                                      {
                                        "nameserver": "string",
                                        "tsigAlgorithm": "string",
                                        "tsigKeyName": "string",
                                        "tsigSecretSecretRef": [
                                          "object",
                                          {
                                            "key": "string",
                                            "name": "string"
                                          }
                                        ]
                                      }
                                    ],
                                    "route53": [
                                      "object",
                                      {
                                        "accessKeyID": "string",
                                        "hostedZoneID": "string",
                                        "region": "string",
                                        "role": "string",
                                        "secretAccessKeySecretRef": [
                                          "object",
                                          {
                                            "key": "string",
                                            "name": "string"
                                          }
                                        ]
                                      }
                                    ],
                                    "webhook": [
                                      "object",
                                      {
                                        "config": "dynamic",
                                        "groupName": "string",
                                        "solverName": "string"
                                      }
                                    ]
                                  }
                                ],
                                "http01": [
                                  "object",
                                  {
                                    "ingress": [
                                      "object",
                                      {
                                        "class": "string",
                                        "ingressTemplate": [
                                          "object",
                                          {
                                            "metadata": [
                                              "object",
                                              {
                                                "annotations": [
                                                  "map",
                                                  "string"
                                                ],
                                                "labels": [
                                                  "map",
                                                  "string"
                                                ]
                                              }
                                            ]
                                          }
                                        ],
                                        "name": "string",
                                        "podTemplate": [
                                          "object",
                                          {
                                            "metadata": [
                                              "object",
                                              {
                                                "annotations": [
                                                  "map",
                                                  "string"
                                                ],
                                                "labels": [
                                                  "map",
                                                  "string"
                                                ]
                                              }
                                            ],
                                            "spec": [
                                              "object",
                                              {
                                                "affinity": [
                                                  "object",
                                                  {
                                                    "nodeAffinity": [
                                                      "object",
                                                      {
                                                        "preferredDuringSchedulingIgnoredDuringExecution": [
                                                          "list",
                                                          [
                                                            "object",
                                                            {
                                                              "preference": [
                                                                "object",
                                                                {
                                                                  "matchExpressions": [
                                                                    "list",
                                                                    [
                                                                      "object",
                                                                      {
                                                                        "key": "string",
                                                                        "operator": "string",
                                                                        "values": [
                                                                          "list",
                                                                          "string"
                                                                        ]
                                                                      }
                                                                    ]
                                                                  ],
                                                                  "matchFields": [
                                                                    "list",
                                                                    [
                                                                      "object",
                                                                      {
                                                                        "key": "string",
                                                                        "operator": "string",
                                                                        "values": [
                                                                          "list",
                                                                          "string"
                                                                        ]
                                                                      }
                                                                    ]
                                                                  ]
                                                                }
                                                              ],
                                                              "weight": "number"
                                                            }
                                                          ]
                                                        ],
                                                        "requiredDuringSchedulingIgnoredDuringExecution": [
                                                          "object",
                                                          {
                                                            "nodeSelectorTerms": [
                                                              "list",
                                                              [
                                                                "object",
                                                                {
                                                                  "matchExpressions": [
                                                                    "list",
                                                                    [
                                                                      "object",
                                                                      {
                                                                        "key": "string",
                                                                        "operator": "string",
                                                                        "values": [
                                                                          "list",
                                                                          "string"
                                                                        ]
                                                                      }
                                                                    ]
                                                                  ],
                                                                  "matchFields": [
                                                                    "list",
                                                                    [
                                                                      "object",
                                                                      {
                                                                        "key": "string",
                                                                        "operator": "string",
                                                                        "values": [
                                                                          "list",
                                                                          "string"
                                                                        ]
                                                                      }
                                                                    ]
                                                                  ]
                                                                }
                                                              ]
                                                            ]
                                                          }
                                                        ]
                                                      }
                                                    ],
                                                    "podAffinity": [
                                                      "object",
                                                      {
                                                        "preferredDuringSchedulingIgnoredDuringExecution": [
                                                          "list",
                                                          [
                                                            "object",
                                                            {
                                                              "podAffinityTerm": [
                                                                "object",
                                                                {
                                                                  "labelSelector": [
                                                                    "object",
                                                                    {
                                                                      "matchExpressions": [
                                                                        "list",
                                                                        [
                                                                          "object",
                                                                          {
                                                                            "key": "string",
                                                                            "operator": "string",
                                                                            "values": [
                                                                              "list",
                                                                              "string"
                                                                            ]
                                                                          }
                                                                        ]
                                                                      ],
                                                                      "matchLabels": [
                                                                        "map",
                                                                        "string"
                                                                      ]
                                                                    }
                                                                  ],
                                                                  "namespaces": [
                                                                    "list",
                                                                    "string"
                                                                  ],
                                                                  "topologyKey": "string"
                                                                }
                                                              ],
                                                              "weight": "number"
                                                            }
                                                          ]
                                                        ],
                                                        "requiredDuringSchedulingIgnoredDuringExecution": [
                                                          "list",
                                                          [
                                                            "object",
                                                            {
                                                              "labelSelector": [
                                                                "object",
                                                                {
                                                                  "matchExpressions": [
                                                                    "list",
                                                                    [
                                                                      "object",
                                                                      {
                                                                        "key": "string",
                                                                        "operator": "string",
                                                                        "values": [
                                                                          "list",
                                                                          "string"
                                                                        ]
                                                                      }
                                                                    ]
                                                                  ],
                                                                  "matchLabels": [
                                                                    "map",
                                                                    "string"
                                                                  ]
                                                                }
                                                              ],
                                                              "namespaces": [
                                                                "list",
                                                                "string"
                                                              ],
                                                              "topologyKey": "string"
                                                            }
                                                          ]
                                                        ]
                                                      }
                                                    ],
                                                    "podAntiAffinity": [
                                                      "object",
                                                      {
                                                        "preferredDuringSchedulingIgnoredDuringExecution": [
                                                          "list",
                                                          [
                                                            "object",
                                                            {
                                                              "podAffinityTerm": [
                                                                "object",
                                                                {
                                                                  "labelSelector": [
                                                                    "object",
                                                                    {
                                                                      "matchExpressions": [
                                                                        "list",
                                                                        [
                                                                          "object",
                                                                          {
                                                                            "key": "string",
                                                                            "operator": "string",
                                                                            "values": [
                                                                              "list",
                                                                              "string"
                                                                            ]
                                                                          }
                                                                        ]
                                                                      ],
                                                                      "matchLabels": [
                                                                        "map",
                                                                        "string"
                                                                      ]
                                                                    }
                                                                  ],
                                                                  "namespaces": [
                                                                    "list",
                                                                    "string"
                                                                  ],
                                                                  "topologyKey": "string"
                                                                }
                                                              ],
                                                              "weight": "number"
                                                            }
                                                          ]
                                                        ],
                                                        "requiredDuringSchedulingIgnoredDuringExecution": [
                                                          "list",
                                                          [
                                                            "object",
                                                            {
                                                              "labelSelector": [
                                                                "object",
                                                                {
                                                                  "matchExpressions": [
                                                                    "list",
                                                                    [
                                                                      "object",
                                                                      {
                                                                        "key": "string",
                                                                        "operator": "string",
                                                                        "values": [
                                                                          "list",
                                                                          "string"
                                                                        ]
                                                                      }
                                                                    ]
                                                                  ],
                                                                  "matchLabels": [
                                                                    "map",
                                                                    "string"
                                                                  ]
                                                                }
                                                              ],
                                                              "namespaces": [
                                                                "list",
                                                                "string"
                                                              ],
                                                              "topologyKey": "string"
                                                            }
                                                          ]
                                                        ]
                                                      }
                                                    ]
                                                  }
                                                ],
                                                "nodeSelector": [
                                                  "map",
                                                  "string"
                                                ],
                                                "priorityClassName": "string",
                                                "serviceAccountName": "string",
                                                "tolerations": [
                                                  "list",
                                                  [
                                                    "object",
                                                    {
                                                      "effect": "string",
                                                      "key": "string",
                                                      "operator": "string",
                                                      "tolerationSeconds": "number",
                                                      "value": "string"
                                                    }
                                                  ]
                                                ]
                                              }
                                            ]
                                          }
                                        ],
                                        "serviceType": "string"
                                      }
                                    ]
                                  }
                                ],
                                "selector": [
                                  "object",
                                  {
                                    "dnsNames": [
                                      "list",
                                      "string"
                                    ],
                                    "dnsZones": [
                                      "list",
                                      "string"
                                    ],
                                    "matchLabels": [
                                      "map",
                                      "string"
                                    ]
                                  }
                                ]
                              }
                            ]
                          ]
                        }
                      ],
                      "ca": [
                        "object",
                        {
                          "crlDistributionPoints": [
                            "list",
                            "string"
                          ],
                          "ocspServers": [
                            "list",
                            "string"
                          ],
                          "secretName": "string"
                        }
                      ],
                      "selfSigned": [
                        "object",
                        {
                          "crlDistributionPoints": [
                            "list",
                            "string"
                          ]
                        }
                      ],
                      "vault": [
                        "object",
                        {
                          "auth": [
                            "object",
                            {
                              "appRole": [
                                "object",
                                {
                                  "path": "string",
                                  "roleId": "string",
                                  "secretRef": [
                                    "object",
                                    {
                                      "key": "string",
                                      "name": "string"
                                    }
                                  ]
                                }
                              ],
                              "kubernetes": [
                                "object",
                                {
                                  "mountPath": "string",
                                  "role": "string",
                                  "secretRef": [
                                    "object",
                                    {
                                      "key": "string",
                                      "name": "string"
                                    }
                                  ]
                                }
                              ],
                              "tokenSecretRef": [
                                "object",
                                {
                                  "key": "string",
                                  "name": "string"
                                }
                              ]
                            }
                          ],
                          "caBundle": "string",
                          "namespace": "string",
                          "path": "string",
                          "server": "string"
                        }
                      ],
                      "venafi": [
                        "object",
                        {
                          "cloud": [
                            "object",
                            {
                              "apiTokenSecretRef": [
                                "object",
                                {
                                  "key": "string",
                                  "name": "string"
                                }
                              ],
                              "url": "string"
                            }
                          ],
                          "tpp": [
                            "object",
                            {
                              "caBundle": "string",
                              "credentialsRef": [
                                "object",
                                {
                                  "name": "string"
                                }
                              ],
                              "url": "string"
                            }
                          ],
                          "zone": "string"
                        }
                      ]
                    }
                  ]
                }
              ]
            },
            "wait_for": null
          },
          "sensitive_attributes": [
            [
              {
                "type": "get_attr",
                "value": "manifest"
              }
            ]
          ],
          "dependencies": [
            "azurerm_kubernetes_cluster.aks",
            "azurerm_resource_group.aks-rg",
            "module.cert-manager.helm_release.cert_manager",
            "module.cert-manager.kubernetes_namespace.cert_manager",
            "module.cert-manager.kubernetes_secret.letsencrypt_cloudflare_api_token_secret"
          ]
        }
      ]
    },
    {
      "module": "module.cert-manager",
      "mode": "managed",
      "type": "kubernetes_manifest",
      "name": "letsencrypt_issuer_staging",
      "provider": "provider[\"registry.terraform.io/hashicorp/kubernetes-alpha\"]",
      "instances": [
        {
          "schema_version": 1,
          "attributes": {
            "manifest": {
              "value": {
                "apiVersion": "cert-manager.io/v1",
                "kind": "ClusterIssuer",
                "metadata": {
                  "name": "letsencrypt-staging"
                },
                "spec": {
                  "acme": {
                    "email": "dserbenyukgood@gmail.com",
                    "privateKeySecretRef": {
                      "name": "issuer-account-key-letsencrypt-staging"
                    },
                    "server": "https://acme-staging-v02.api.letsencrypt.org/directory",
                    "solvers": [
                      {
                        "dns01": {
                          "cloudflare": {
                            "apiTokenSecretRef": {
                              "key": "api-token",
                              "name": "letsencrypt-cloudflare-api-token-secret"
                            }
                          }
                        }
                      }
                    ]
                  }
                }
              },
              "type": [
                "object",
                {
                  "apiVersion": "string",
                  "kind": "string",
                  "metadata": [
                    "object",
                    {
                      "name": "string"
                    }
                  ],
                  "spec": [
                    "object",
                    {
                      "acme": [
                        "object",
                        {
                          "email": "string",
                          "privateKeySecretRef": [
                            "object",
                            {
                              "name": "string"
                            }
                          ],
                          "server": "string",
                          "solvers": [
                            "tuple",
                            [
                              [
                                "object",
                                {
                                  "dns01": [
                                    "object",
                                    {
                                      "cloudflare": [
                                        "object",
                                        {
                                          "apiTokenSecretRef": [
                                            "object",
                                            {
                                              "key": "string",
                                              "name": "string"
                                            }
                                          ]
                                        }
                                      ]
                                    }
                                  ]
                                }
                              ]
                            ]
                          ]
                        }
                      ]
                    }
                  ]
                }
              ]
            },
            "object": {
              "value": {
                "apiVersion": "cert-manager.io/v1",
                "kind": "ClusterIssuer",
                "metadata": {
                  "name": "letsencrypt-staging"
                },
                "spec": {
                  "acme": {
                    "disableAccountKeyGeneration": null,
                    "email": "dserbenyukgood@gmail.com",
                    "enableDurationFeature": null,
                    "externalAccountBinding": {
                      "keyAlgorithm": null,
                      "keyID": null,
                      "keySecretRef": {
                        "key": null,
                        "name": null
                      }
                    },
                    "preferredChain": "",
                    "privateKeySecretRef": {
                      "key": null,
                      "name": "issuer-account-key-letsencrypt-staging"
                    },
                    "server": "https://acme-staging-v02.api.letsencrypt.org/directory",
                    "skipTLSVerify": null,
                    "solvers": [
                      {
                        "dns01": {
                          "acmeDNS": {
                            "accountSecretRef": {
                              "key": null,
                              "name": null
                            },
                            "host": null
                          },
                          "akamai": {
                            "accessTokenSecretRef": {
                              "key": null,
                              "name": null
                            },
                            "clientSecretSecretRef": {
                              "key": null,
                              "name": null
                            },
                            "clientTokenSecretRef": {
                              "key": null,
                              "name": null
                            },
                            "serviceConsumerDomain": null
                          },
                          "azureDNS": {
                            "clientID": null,
                            "clientSecretSecretRef": {
                              "key": null,
                              "name": null
                            },
                            "environment": null,
                            "hostedZoneName": null,
                            "resourceGroupName": null,
                            "subscriptionID": null,
                            "tenantID": null
                          },
                          "cloudDNS": {
                            "hostedZoneName": null,
                            "project": null,
                            "serviceAccountSecretRef": {
                              "key": null,
                              "name": null
                            }
                          },
                          "cloudflare": {
                            "apiKeySecretRef": {
                              "key": null,
                              "name": null
                            },
                            "apiTokenSecretRef": {
                              "key": "api-token",
                              "name": "letsencrypt-cloudflare-api-token-secret"
                            },
                            "email": null
                          },
                          "cnameStrategy": null,
                          "digitalocean": {
                            "tokenSecretRef": {
                              "key": null,
                              "name": null
                            }
                          },
                          "rfc2136": {
                            "nameserver": null,
                            "tsigAlgorithm": null,
                            "tsigKeyName": null,
                            "tsigSecretSecretRef": {
                              "key": null,
                              "name": null
                            }
                          },
                          "route53": {
                            "accessKeyID": null,
                            "hostedZoneID": null,
                            "region": null,
                            "role": null,
                            "secretAccessKeySecretRef": {
                              "key": null,
                              "name": null
                            }
                          },
                          "webhook": {
                            "config": null,
                            "groupName": null,
                            "solverName": null
                          }
                        },
                        "http01": {
                          "ingress": {
                            "class": null,
                            "ingressTemplate": {
                              "metadata": {
                                "annotations": null,
                                "labels": null
                              }
                            },
                            "name": null,
                            "podTemplate": {
                              "metadata": {
                                "annotations": null,
                                "labels": null
                              },
                              "spec": {
                                "affinity": {
                                  "nodeAffinity": {
                                    "preferredDuringSchedulingIgnoredDuringExecution": null,
                                    "requiredDuringSchedulingIgnoredDuringExecution": {
                                      "nodeSelectorTerms": null
                                    }
                                  },
                                  "podAffinity": {
                                    "preferredDuringSchedulingIgnoredDuringExecution": null,
                                    "requiredDuringSchedulingIgnoredDuringExecution": null
                                  },
                                  "podAntiAffinity": {
                                    "preferredDuringSchedulingIgnoredDuringExecution": null,
                                    "requiredDuringSchedulingIgnoredDuringExecution": null
                                  }
                                },
                                "nodeSelector": null,
                                "priorityClassName": null,
                                "serviceAccountName": null,
                                "tolerations": null
                              }
                            },
                            "serviceType": null
                          }
                        },
                        "selector": {
                          "dnsNames": null,
                          "dnsZones": null,
                          "matchLabels": null
                        }
                      }
                    ]
                  },
                  "ca": {
                    "crlDistributionPoints": null,
                    "ocspServers": null,
                    "secretName": null
                  },
                  "selfSigned": {
                    "crlDistributionPoints": null
                  },
                  "vault": {
                    "auth": {
                      "appRole": {
                        "path": null,
                        "roleId": null,
                        "secretRef": {
                          "key": null,
                          "name": null
                        }
                      },
                      "kubernetes": {
                        "mountPath": null,
                        "role": null,
                        "secretRef": {
                          "key": null,
                          "name": null
                        }
                      },
                      "tokenSecretRef": {
                        "key": null,
                        "name": null
                      }
                    },
                    "caBundle": null,
                    "namespace": null,
                    "path": null,
                    "server": null
                  },
                  "venafi": {
                    "cloud": {
                      "apiTokenSecretRef": {
                        "key": null,
                        "name": null
                      },
                      "url": null
                    },
                    "tpp": {
                      "caBundle": null,
                      "credentialsRef": {
                        "name": null
                      },
                      "url": null
                    },
                    "zone": null
                  }
                }
              },
              "type": [
                "object",
                {
                  "apiVersion": "string",
                  "kind": "string",
                  "metadata": [
                    "object",
                    {
                      "name": "string"
                    }
                  ],
                  "spec": [
                    "object",
                    {
                      "acme": [
                        "object",
                        {
                          "disableAccountKeyGeneration": "bool",
                          "email": "string",
                          "enableDurationFeature": "bool",
                          "externalAccountBinding": [
                            "object",
                            {
                              "keyAlgorithm": "string",
                              "keyID": "string",
                              "keySecretRef": [
                                "object",
                                {
                                  "key": "string",
                                  "name": "string"
                                }
                              ]
                            }
                          ],
                          "preferredChain": "string",
                          "privateKeySecretRef": [
                            "object",
                            {
                              "key": "string",
                              "name": "string"
                            }
                          ],
                          "server": "string",
                          "skipTLSVerify": "bool",
                          "solvers": [
                            "list",
                            [
                              "object",
                              {
                                "dns01": [
                                  "object",
                                  {
                                    "acmeDNS": [
                                      "object",
                                      {
                                        "accountSecretRef": [
                                          "object",
                                          {
                                            "key": "string",
                                            "name": "string"
                                          }
                                        ],
                                        "host": "string"
                                      }
                                    ],
                                    "akamai": [
                                      "object",
                                      {
                                        "accessTokenSecretRef": [
                                          "object",
                                          {
                                            "key": "string",
                                            "name": "string"
                                          }
                                        ],
                                        "clientSecretSecretRef": [
                                          "object",
                                          {
                                            "key": "string",
                                            "name": "string"
                                          }
                                        ],
                                        "clientTokenSecretRef": [
                                          "object",
                                          {
                                            "key": "string",
                                            "name": "string"
                                          }
                                        ],
                                        "serviceConsumerDomain": "string"
                                      }
                                    ],
                                    "azureDNS": [
                                      "object",
                                      {
                                        "clientID": "string",
                                        "clientSecretSecretRef": [
                                          "object",
                                          {
                                            "key": "string",
                                            "name": "string"
                                          }
                                        ],
                                        "environment": "string",
                                        "hostedZoneName": "string",
                                        "resourceGroupName": "string",
                                        "subscriptionID": "string",
                                        "tenantID": "string"
                                      }
                                    ],
                                    "cloudDNS": [
                                      "object",
                                      {
                                        "hostedZoneName": "string",
                                        "project": "string",
                                        "serviceAccountSecretRef": [
                                          "object",
                                          {
                                            "key": "string",
                                            "name": "string"
                                          }
                                        ]
                                      }
                                    ],
                                    "cloudflare": [
                                      "object",
                                      {
                                        "apiKeySecretRef": [
                                          "object",
                                          {
                                            "key": "string",
                                            "name": "string"
                                          }
                                        ],
                                        "apiTokenSecretRef": [
                                          "object",
                                          {
                                            "key": "string",
                                            "name": "string"
                                          }
                                        ],
                                        "email": "string"
                                      }
                                    ],
                                    "cnameStrategy": "string",
                                    "digitalocean": [
                                      "object",
                                      {
                                        "tokenSecretRef": [
                                          "object",
                                          {
                                            "key": "string",
                                            "name": "string"
                                          }
                                        ]
                                      }
                                    ],
                                    "rfc2136": [
                                      "object",
                                      {
                                        "nameserver": "string",
                                        "tsigAlgorithm": "string",
                                        "tsigKeyName": "string",
                                        "tsigSecretSecretRef": [
                                          "object",
                                          {
                                            "key": "string",
                                            "name": "string"
                                          }
                                        ]
                                      }
                                    ],
                                    "route53": [
                                      "object",
                                      {
                                        "accessKeyID": "string",
                                        "hostedZoneID": "string",
                                        "region": "string",
                                        "role": "string",
                                        "secretAccessKeySecretRef": [
                                          "object",
                                          {
                                            "key": "string",
                                            "name": "string"
                                          }
                                        ]
                                      }
                                    ],
                                    "webhook": [
                                      "object",
                                      {
                                        "config": "dynamic",
                                        "groupName": "string",
                                        "solverName": "string"
                                      }
                                    ]
                                  }
                                ],
                                "http01": [
                                  "object",
                                  {
                                    "ingress": [
                                      "object",
                                      {
                                        "class": "string",
                                        "ingressTemplate": [
                                          "object",
                                          {
                                            "metadata": [
                                              "object",
                                              {
                                                "annotations": [
                                                  "map",
                                                  "string"
                                                ],
                                                "labels": [
                                                  "map",
                                                  "string"
                                                ]
                                              }
                                            ]
                                          }
                                        ],
                                        "name": "string",
                                        "podTemplate": [
                                          "object",
                                          {
                                            "metadata": [
                                              "object",
                                              {
                                                "annotations": [
                                                  "map",
                                                  "string"
                                                ],
                                                "labels": [
                                                  "map",
                                                  "string"
                                                ]
                                              }
                                            ],
                                            "spec": [
                                              "object",
                                              {
                                                "affinity": [
                                                  "object",
                                                  {
                                                    "nodeAffinity": [
                                                      "object",
                                                      {
                                                        "preferredDuringSchedulingIgnoredDuringExecution": [
                                                          "list",
                                                          [
                                                            "object",
                                                            {
                                                              "preference": [
                                                                "object",
                                                                {
                                                                  "matchExpressions": [
                                                                    "list",
                                                                    [
                                                                      "object",
                                                                      {
                                                                        "key": "string",
                                                                        "operator": "string",
                                                                        "values": [
                                                                          "list",
                                                                          "string"
                                                                        ]
                                                                      }
                                                                    ]
                                                                  ],
                                                                  "matchFields": [
                                                                    "list",
                                                                    [
                                                                      "object",
                                                                      {
                                                                        "key": "string",
                                                                        "operator": "string",
                                                                        "values": [
                                                                          "list",
                                                                          "string"
                                                                        ]
                                                                      }
                                                                    ]
                                                                  ]
                                                                }
                                                              ],
                                                              "weight": "number"
                                                            }
                                                          ]
                                                        ],
                                                        "requiredDuringSchedulingIgnoredDuringExecution": [
                                                          "object",
                                                          {
                                                            "nodeSelectorTerms": [
                                                              "list",
                                                              [
                                                                "object",
                                                                {
                                                                  "matchExpressions": [
                                                                    "list",
                                                                    [
                                                                      "object",
                                                                      {
                                                                        "key": "string",
                                                                        "operator": "string",
                                                                        "values": [
                                                                          "list",
                                                                          "string"
                                                                        ]
                                                                      }
                                                                    ]
                                                                  ],
                                                                  "matchFields": [
                                                                    "list",
                                                                    [
                                                                      "object",
                                                                      {
                                                                        "key": "string",
                                                                        "operator": "string",
                                                                        "values": [
                                                                          "list",
                                                                          "string"
                                                                        ]
                                                                      }
                                                                    ]
                                                                  ]
                                                                }
                                                              ]
                                                            ]
                                                          }
                                                        ]
                                                      }
                                                    ],
                                                    "podAffinity": [
                                                      "object",
                                                      {
                                                        "preferredDuringSchedulingIgnoredDuringExecution": [
                                                          "list",
                                                          [
                                                            "object",
                                                            {
                                                              "podAffinityTerm": [
                                                                "object",
                                                                {
                                                                  "labelSelector": [
                                                                    "object",
                                                                    {
                                                                      "matchExpressions": [
                                                                        "list",
                                                                        [
                                                                          "object",
                                                                          {
                                                                            "key": "string",
                                                                            "operator": "string",
                                                                            "values": [
                                                                              "list",
                                                                              "string"
                                                                            ]
                                                                          }
                                                                        ]
                                                                      ],
                                                                      "matchLabels": [
                                                                        "map",
                                                                        "string"
                                                                      ]
                                                                    }
                                                                  ],
                                                                  "namespaces": [
                                                                    "list",
                                                                    "string"
                                                                  ],
                                                                  "topologyKey": "string"
                                                                }
                                                              ],
                                                              "weight": "number"
                                                            }
                                                          ]
                                                        ],
                                                        "requiredDuringSchedulingIgnoredDuringExecution": [
                                                          "list",
                                                          [
                                                            "object",
                                                            {
                                                              "labelSelector": [
                                                                "object",
                                                                {
                                                                  "matchExpressions": [
                                                                    "list",
                                                                    [
                                                                      "object",
                                                                      {
                                                                        "key": "string",
                                                                        "operator": "string",
                                                                        "values": [
                                                                          "list",
                                                                          "string"
                                                                        ]
                                                                      }
                                                                    ]
                                                                  ],
                                                                  "matchLabels": [
                                                                    "map",
                                                                    "string"
                                                                  ]
                                                                }
                                                              ],
                                                              "namespaces": [
                                                                "list",
                                                                "string"
                                                              ],
                                                              "topologyKey": "string"
                                                            }
                                                          ]
                                                        ]
                                                      }
                                                    ],
                                                    "podAntiAffinity": [
                                                      "object",
                                                      {
                                                        "preferredDuringSchedulingIgnoredDuringExecution": [
                                                          "list",
                                                          [
                                                            "object",
                                                            {
                                                              "podAffinityTerm": [
                                                                "object",
                                                                {
                                                                  "labelSelector": [
                                                                    "object",
                                                                    {
                                                                      "matchExpressions": [
                                                                        "list",
                                                                        [
                                                                          "object",
                                                                          {
                                                                            "key": "string",
                                                                            "operator": "string",
                                                                            "values": [
                                                                              "list",
                                                                              "string"
                                                                            ]
                                                                          }
                                                                        ]
                                                                      ],
                                                                      "matchLabels": [
                                                                        "map",
                                                                        "string"
                                                                      ]
                                                                    }
                                                                  ],
                                                                  "namespaces": [
                                                                    "list",
                                                                    "string"
                                                                  ],
                                                                  "topologyKey": "string"
                                                                }
                                                              ],
                                                              "weight": "number"
                                                            }
                                                          ]
                                                        ],
                                                        "requiredDuringSchedulingIgnoredDuringExecution": [
                                                          "list",
                                                          [
                                                            "object",
                                                            {
                                                              "labelSelector": [
                                                                "object",
                                                                {
                                                                  "matchExpressions": [
                                                                    "list",
                                                                    [
                                                                      "object",
                                                                      {
                                                                        "key": "string",
                                                                        "operator": "string",
                                                                        "values": [
                                                                          "list",
                                                                          "string"
                                                                        ]
                                                                      }
                                                                    ]
                                                                  ],
                                                                  "matchLabels": [
                                                                    "map",
                                                                    "string"
                                                                  ]
                                                                }
                                                              ],
                                                              "namespaces": [
                                                                "list",
                                                                "string"
                                                              ],
                                                              "topologyKey": "string"
                                                            }
                                                          ]
                                                        ]
                                                      }
                                                    ]
                                                  }
                                                ],
                                                "nodeSelector": [
                                                  "map",
                                                  "string"
                                                ],
                                                "priorityClassName": "string",
                                                "serviceAccountName": "string",
                                                "tolerations": [
                                                  "list",
                                                  [
                                                    "object",
                                                    {
                                                      "effect": "string",
                                                      "key": "string",
                                                      "operator": "string",
                                                      "tolerationSeconds": "number",
                                                      "value": "string"
                                                    }
                                                  ]
                                                ]
                                              }
                                            ]
                                          }
                                        ],
                                        "serviceType": "string"
                                      }
                                    ]
                                  }
                                ],
                                "selector": [
                                  "object",
                                  {
                                    "dnsNames": [
                                      "list",
                                      "string"
                                    ],
                                    "dnsZones": [
                                      "list",
                                      "string"
                                    ],
                                    "matchLabels": [
                                      "map",
                                      "string"
                                    ]
                                  }
                                ]
                              }
                            ]
                          ]
                        }
                      ],
                      "ca": [
                        "object",
                        {
                          "crlDistributionPoints": [
                            "list",
                            "string"
                          ],
                          "ocspServers": [
                            "list",
                            "string"
                          ],
                          "secretName": "string"
                        }
                      ],
                      "selfSigned": [
                        "object",
                        {
                          "crlDistributionPoints": [
                            "list",
                            "string"
                          ]
                        }
                      ],
                      "vault": [
                        "object",
                        {
                          "auth": [
                            "object",
                            {
                              "appRole": [
                                "object",
                                {
                                  "path": "string",
                                  "roleId": "string",
                                  "secretRef": [
                                    "object",
                                    {
                                      "key": "string",
                                      "name": "string"
                                    }
                                  ]
                                }
                              ],
                              "kubernetes": [
                                "object",
                                {
                                  "mountPath": "string",
                                  "role": "string",
                                  "secretRef": [
                                    "object",
                                    {
                                      "key": "string",
                                      "name": "string"
                                    }
                                  ]
                                }
                              ],
                              "tokenSecretRef": [
                                "object",
                                {
                                  "key": "string",
                                  "name": "string"
                                }
                              ]
                            }
                          ],
                          "caBundle": "string",
                          "namespace": "string",
                          "path": "string",
                          "server": "string"
                        }
                      ],
                      "venafi": [
                        "object",
                        {
                          "cloud": [
                            "object",
                            {
                              "apiTokenSecretRef": [
                                "object",
                                {
                                  "key": "string",
                                  "name": "string"
                                }
                              ],
                              "url": "string"
                            }
                          ],
                          "tpp": [
                            "object",
                            {
                              "caBundle": "string",
                              "credentialsRef": [
                                "object",
                                {
                                  "name": "string"
                                }
                              ],
                              "url": "string"
                            }
                          ],
                          "zone": "string"
                        }
                      ]
                    }
                  ]
                }
              ]
            },
            "wait_for": null
          },
          "sensitive_attributes": [
            [
              {
                "type": "get_attr",
                "value": "manifest"
              }
            ]
          ],
          "dependencies": [
            "azurerm_kubernetes_cluster.aks",
            "azurerm_resource_group.aks-rg",
            "module.cert-manager.helm_release.cert_manager",
            "module.cert-manager.kubernetes_namespace.cert_manager",
            "module.cert-manager.kubernetes_secret.letsencrypt_cloudflare_api_token_secret"
          ]
        }
      ]
    },
    {
      "module": "module.cert-manager",
      "mode": "managed",
      "type": "kubernetes_namespace",
      "name": "cert_manager",
      "provider": "provider[\"registry.terraform.io/hashicorp/kubernetes\"]",
      "instances": [
        {
          "schema_version": 0,
          "attributes": {
            "id": "cert-manager",
            "metadata": [
              {
                "annotations": {},
                "generate_name": "",
                "generation": 0,
                "labels": {},
                "name": "cert-manager",
                "resource_version": "339229",
                "uid": "58779214-d812-4f46-92d2-7682f43bd998"
              }
            ],
            "timeouts": null
          },
          "sensitive_attributes": [],
          "private": "eyJlMmJmYjczMC1lY2FhLTExZTYtOGY4OC0zNDM2M2JjN2M0YzAiOnsiZGVsZXRlIjozMDAwMDAwMDAwMDB9fQ==",
          "dependencies": [
            "azurerm_kubernetes_cluster.aks",
            "azurerm_resource_group.aks-rg"
          ]
        }
      ]
    },
    {
      "module": "module.cert-manager",
      "mode": "managed",
      "type": "kubernetes_secret",
      "name": "letsencrypt_cloudflare_api_token_secret",
      "provider": "provider[\"registry.terraform.io/hashicorp/kubernetes\"]",
      "instances": [
        {
          "schema_version": 0,
          "attributes": {
            "binary_data": null,
            "data": {
              "api-token": "guZQe9T6s6nZhm7WqNhn9ry0-ogXVkZzVdubBv3a"
            },
            "id": "cert-manager/letsencrypt-cloudflare-api-token-secret",
            "immutable": false,
            "metadata": [
              {
                "annotations": {},
                "generate_name": "",
                "generation": 0,
                "labels": {},
                "name": "letsencrypt-cloudflare-api-token-secret",
                "namespace": "cert-manager",
                "resource_version": "347586",
                "uid": "8afef4b5-3711-47d9-95ed-4f4021ed4576"
              }
            ],
            "type": "Opaque"
          },
          "sensitive_attributes": [],
          "private": "bnVsbA==",
          "dependencies": [
            "azurerm_kubernetes_cluster.aks",
            "azurerm_resource_group.aks-rg"
          ]
        }
      ]
    },
    {
      "module": "module.grafana",
      "mode": "managed",
      "type": "kubernetes_config_map",
      "name": "configmap",
      "provider": "provider[\"registry.terraform.io/hashicorp/kubernetes\"]",
      "instances": [
        {
          "schema_version": 0,
          "attributes": {
            "binary_data": {},
            "data": {
              "datasources.yaml": "{\n  \"apiVersion\": 1,\n  \"datasources\": [\n    {\n      \"access\": \"proxy\",\n      \"editable\": true,\n      \"name\": \"prometheus\",\n      \"orgId\": 1,\n      \"type\": \"prometheus\",\n      \"url\": \"http://prometheus-service.monitoring.svc:8080\",\n      \"version\": 1\n    }\n  ]\n}"
            },
            "id": "monitoring/grafana-datasources",
            "metadata": [
              {
                "annotations": {},
                "generate_name": "",
                "generation": 0,
                "labels": {
                  "name": "grafana-datasources"
                },
                "name": "grafana-datasources",
                "namespace": "monitoring",
                "resource_version": "123640",
                "uid": "03aa823b-b97c-4457-8f84-9d20628499c6"
              }
            ]
          },
          "sensitive_attributes": [],
          "private": "bnVsbA==",
          "dependencies": [
            "azurerm_kubernetes_cluster.aks",
            "azurerm_resource_group.aks-rg"
          ]
        }
      ]
    },
    {
      "module": "module.grafana",
      "mode": "managed",
      "type": "kubernetes_deployment",
      "name": "deployment",
      "provider": "provider[\"registry.terraform.io/hashicorp/kubernetes\"]",
      "instances": [
        {
          "schema_version": 1,
          "attributes": {
            "id": "monitoring/grafana",
            "metadata": [
              {
                "annotations": {
                  "configmap.reloader.stakater.com/reload": "grafana-datasources"
                },
                "generate_name": "",
                "generation": 5,
                "labels": {
                  "app": "grafana"
                },
                "name": "grafana",
                "namespace": "monitoring",
                "resource_version": "149681",
                "uid": "017b91ad-6e74-4094-9412-a222d881e7c2"
              }
            ],
            "spec": [
              {
                "min_ready_seconds": 0,
                "paused": false,
                "progress_deadline_seconds": 600,
                "replicas": "1",
                "revision_history_limit": 10,
                "selector": [
                  {
                    "match_expressions": [],
                    "match_labels": {
                      "app": "grafana"
                    }
                  }
                ],
                "strategy": [
                  {
                    "rolling_update": [
                      {
                        "max_surge": "1",
                        "max_unavailable": "33%"
                      }
                    ],
                    "type": "RollingUpdate"
                  }
                ],
                "template": [
                  {
                    "metadata": [
                      {
                        "annotations": {},
                        "generate_name": "",
                        "generation": 0,
                        "labels": {
                          "app": "grafana"
                        },
                        "name": "",
                        "namespace": "",
                        "resource_version": "",
                        "uid": ""
                      }
                    ],
                    "spec": [
                      {
                        "active_deadline_seconds": 0,
                        "affinity": [],
                        "automount_service_account_token": true,
                        "container": [
                          {
                            "args": [],
                            "command": [],
                            "env": [],
                            "env_from": [],
                            "image": "grafana/grafana:latest",
                            "image_pull_policy": "Always",
                            "lifecycle": [],
                            "liveness_probe": [],
                            "name": "grafana",
                            "port": [
                              {
                                "container_port": 3000,
                                "host_ip": "",
                                "host_port": 0,
                                "name": "grafana",
                                "protocol": "TCP"
                              }
                            ],
                            "readiness_probe": [],
                            "resources": [
                              {
                                "limits": {
                                  "cpu": "2",
                                  "memory": "2Gi"
                                },
                                "requests": {
                                  "cpu": "500m",
                                  "memory": "500M"
                                }
                              }
                            ],
                            "security_context": [],
                            "startup_probe": [],
                            "stdin": false,
                            "stdin_once": false,
                            "termination_message_path": "/dev/termination-log",
                            "termination_message_policy": "File",
                            "tty": false,
                            "volume_mount": [
                              {
                                "mount_path": "/var/lib/grafana",
                                "mount_propagation": "None",
                                "name": "grafana-storage",
                                "read_only": false,
                                "sub_path": ""
                              },
                              {
                                "mount_path": "/etc/grafana/provisioning/datasources",
                                "mount_propagation": "None",
                                "name": "grafana-datasources",
                                "read_only": false,
                                "sub_path": ""
                              }
                            ],
                            "working_dir": ""
                          }
                        ],
                        "dns_config": [],
                        "dns_policy": "ClusterFirst",
                        "enable_service_links": true,
                        "host_aliases": [],
                        "host_ipc": false,
                        "host_network": false,
                        "host_pid": false,
                        "hostname": "",
                        "image_pull_secrets": [],
                        "init_container": [],
                        "node_name": "",
                        "node_selector": {},
                        "priority_class_name": "",
                        "readiness_gate": [],
                        "restart_policy": "Always",
                        "security_context": [
                          {
                            "fs_group": "472",
                            "run_as_group": "",
                            "run_as_non_root": false,
                            "run_as_user": "",
                            "se_linux_options": [],
                            "supplemental_groups": [],
                            "sysctl": []
                          }
                        ],
                        "service_account_name": "",
                        "share_process_namespace": false,
                        "subdomain": "",
                        "termination_grace_period_seconds": 30,
                        "toleration": [],
                        "topology_spread_constraint": [],
                        "volume": [
                          {
                            "aws_elastic_block_store": [],
                            "azure_disk": [],
                            "azure_file": [],
                            "ceph_fs": [],
                            "cinder": [],
                            "config_map": [],
                            "csi": [],
                            "downward_api": [],
                            "empty_dir": [
                              {
                                "medium": "",
                                "size_limit": ""
                              }
                            ],
                            "fc": [],
                            "flex_volume": [],
                            "flocker": [],
                            "gce_persistent_disk": [],
                            "git_repo": [],
                            "glusterfs": [],
                            "host_path": [],
                            "iscsi": [],
                            "local": [],
                            "name": "grafana-storage",
                            "nfs": [],
                            "persistent_volume_claim": [],
                            "photon_persistent_disk": [],
                            "projected": [],
                            "quobyte": [],
                            "rbd": [],
                            "secret": [],
                            "vsphere_volume": []
                          },
                          {
                            "aws_elastic_block_store": [],
                            "azure_disk": [],
                            "azure_file": [],
                            "ceph_fs": [],
                            "cinder": [],
                            "config_map": [
                              {
                                "default_mode": "0644",
                                "items": [],
                                "name": "grafana-datasources",
                                "optional": false
                              }
                            ],
                            "csi": [],
                            "downward_api": [],
                            "empty_dir": [],
                            "fc": [],
                            "flex_volume": [],
                            "flocker": [],
                            "gce_persistent_disk": [],
                            "git_repo": [],
                            "glusterfs": [],
                            "host_path": [],
                            "iscsi": [],
                            "local": [],
                            "name": "grafana-datasources",
                            "nfs": [],
                            "persistent_volume_claim": [],
                            "photon_persistent_disk": [],
                            "projected": [],
                            "quobyte": [],
                            "rbd": [],
                            "secret": [],
                            "vsphere_volume": []
                          }
                        ]
                      }
                    ]
                  }
                ]
              }
            ],
            "timeouts": null,
            "wait_for_rollout": true
          },
          "sensitive_attributes": [],
          "private": "eyJlMmJmYjczMC1lY2FhLTExZTYtOGY4OC0zNDM2M2JjN2M0YzAiOnsiY3JlYXRlIjo2MDAwMDAwMDAwMDAsImRlbGV0ZSI6NjAwMDAwMDAwMDAwLCJ1cGRhdGUiOjYwMDAwMDAwMDAwMH0sInNjaGVtYV92ZXJzaW9uIjoiMSJ9",
          "dependencies": [
            "azurerm_kubernetes_cluster.aks",
            "module.grafana.kubernetes_config_map.configmap"
          ]
        }
      ]
    },
    {
      "module": "module.grafana",
      "mode": "managed",
      "type": "kubernetes_ingress",
      "name": "ingress",
      "provider": "provider[\"registry.terraform.io/hashicorp/kubernetes\"]",
      "instances": [
        {
          "schema_version": 1,
          "attributes": {
            "id": "monitoring/grafana",
            "metadata": [
              {
                "annotations": {
                  "cert-manager.io/cluster-issuer": "letsencrypt-staging",
                  "traefik.ingress.kubernetes.io/router.tls": "true"
                },
                "generate_name": "",
                "generation": 4,
                "labels": {},
                "name": "grafana",
                "namespace": "monitoring",
                "resource_version": "419628",
                "uid": "4621e681-65f5-46b8-bc81-5a1deb56c0fb"
              }
            ],
            "spec": [
              {
                "backend": [],
                "ingress_class_name": "",
                "rule": [
                  {
                    "host": "grafana1648factory.net",
                    "http": [
                      {
                        "path": [
                          {
                            "backend": [
                              {
                                "service_name": "grafana",
                                "service_port": "3000"
                              }
                            ],
                            "path": "/"
                          }
                        ]
                      }
                    ]
                  }
                ],
                "tls": [
                  {
                    "hosts": [
                      "grafana1648factory.net"
                    ],
                    "secret_name": "prometheus-tls-secret"
                  }
                ]
              }
            ],
            "status": [
              {
                "load_balancer": [
                  {
                    "ingress": []
                  }
                ]
              }
            ],
            "wait_for_load_balancer": null
          },
          "sensitive_attributes": [],
          "private": "eyJzY2hlbWFfdmVyc2lvbiI6IjEifQ==",
          "dependencies": [
            "azurerm_kubernetes_cluster.aks",
            "azurerm_resource_group.aks-rg"
          ]
        }
      ]
    },
    {
      "module": "module.grafana",
      "mode": "managed",
      "type": "kubernetes_service",
      "name": "service",
      "provider": "provider[\"registry.terraform.io/hashicorp/kubernetes\"]",
      "instances": [
        {
          "schema_version": 1,
          "attributes": {
            "id": "monitoring/grafana",
            "metadata": [
              {
                "annotations": {
                  "prometheus.io/port": "3000",
                  "prometheus.io/scrape": "true"
                },
                "generate_name": "",
                "generation": 0,
                "labels": {},
                "name": "grafana",
                "namespace": "monitoring",
                "resource_version": "419676",
                "uid": "1a9a3392-9c13-41c4-96f7-437db7ee2cd6"
              }
            ],
            "spec": [
              {
                "cluster_ip": "10.0.215.90",
                "external_ips": [],
                "external_name": "",
                "external_traffic_policy": "Cluster",
                "health_check_node_port": 0,
                "load_balancer_ip": "",
                "load_balancer_source_ranges": [],
                "port": [
                  {
                    "name": "",
                    "node_port": 32000,
                    "port": 3000,
                    "protocol": "TCP",
                    "target_port": "3000"
                  }
                ],
                "publish_not_ready_addresses": false,
                "selector": {
                  "app": "grafana"
                },
                "session_affinity": "None",
                "type": "NodePort"
              }
            ],
            "status": [
              {
                "load_balancer": [
                  {
                    "ingress": []
                  }
                ]
              }
            ],
            "timeouts": null,
            "wait_for_load_balancer": true
          },
          "sensitive_attributes": [],
          "private": "eyJlMmJmYjczMC1lY2FhLTExZTYtOGY4OC0zNDM2M2JjN2M0YzAiOnsiY3JlYXRlIjo2MDAwMDAwMDAwMDB9LCJzY2hlbWFfdmVyc2lvbiI6IjEifQ==",
          "dependencies": [
            "azurerm_kubernetes_cluster.aks",
            "azurerm_resource_group.aks-rg"
          ]
        }
      ]
    },
    {
      "module": "module.prometheus",
      "mode": "managed",
      "type": "kubernetes_cluster_role",
      "name": "clusterRole",
      "provider": "provider[\"registry.terraform.io/hashicorp/kubernetes\"]",
      "instances": [
        {
          "schema_version": 0,
          "attributes": {
            "aggregation_rule": [],
            "id": "prometheus",
            "metadata": [
              {
                "annotations": {},
                "generation": 0,
                "labels": {},
                "name": "prometheus",
                "resource_version": "1232",
                "uid": "980d4c6e-6322-44bd-8214-09e1475967db"
              }
            ],
            "rule": [
              {
                "api_groups": [
                  ""
                ],
                "non_resource_urls": [],
                "resource_names": [],
                "resources": [
                  "nodes",
                  "nodes/proxy",
                  "services",
                  "endpoints",
                  "pods"
                ],
                "verbs": [
                  "get",
                  "list",
                  "watch"
                ]
              },
              {
                "api_groups": [
                  "extensions"
                ],
                "non_resource_urls": [],
                "resource_names": [],
                "resources": [
                  "ingresses"
                ],
                "verbs": [
                  "get",
                  "list",
                  "watch"
                ]
              },
              {
                "api_groups": [],
                "non_resource_urls": [
                  "/metrics"
                ],
                "resource_names": [],
                "resources": [],
                "verbs": [
                  "get"
                ]
              }
            ]
          },
          "sensitive_attributes": [],
          "private": "bnVsbA==",
          "dependencies": [
            "azurerm_kubernetes_cluster.aks",
            "azurerm_resource_group.aks-rg"
          ]
        }
      ]
    },
    {
      "module": "module.prometheus",
      "mode": "managed",
      "type": "kubernetes_cluster_role_binding",
      "name": "clisterRoleBinding",
      "provider": "provider[\"registry.terraform.io/hashicorp/kubernetes\"]",
      "instances": [
        {
          "schema_version": 0,
          "attributes": {
            "id": "prometheus",
            "metadata": [
              {
                "annotations": {},
                "generation": 0,
                "labels": {},
                "name": "prometheus",
                "resource_version": "1231",
                "uid": "22488d98-dba3-4d99-a0f4-c609e5f39355"
              }
            ],
            "role_ref": [
              {
                "api_group": "rbac.authorization.k8s.io",
                "kind": "ClusterRole",
                "name": "prometheus"
              }
            ],
            "subject": [
              {
                "api_group": "",
                "kind": "ServiceAccount",
                "name": "default",
                "namespace": "monitoring"
              }
            ]
          },
          "sensitive_attributes": [],
          "private": "bnVsbA==",
          "dependencies": [
            "azurerm_kubernetes_cluster.aks",
            "azurerm_resource_group.aks-rg"
          ]
        }
      ]
    },
    {
      "module": "module.prometheus",
      "mode": "managed",
      "type": "kubernetes_config_map",
      "name": "configmap",
      "provider": "provider[\"registry.terraform.io/hashicorp/kubernetes\"]",
      "instances": [
        {
          "schema_version": 0,
          "attributes": {
            "binary_data": {},
            "data": {
              "prometheus.rules": "groups:\n- name: devopscube demo alert\n  rules:\n  - alert: High Pod Memory\n    expr: sum(container_memory_usage_bytes) \u003e 1\n    for: 2m\n    labels:\n      severity: slack\n    annotations:\n      summary: High Memory Usage",
              "prometheus.yml": "global:\n  scrape_interval: 5s\n  evaluation_interval: 5s\nrule_files:\n- \"/etc/prometheus/prometheus.rules\"\nalerting:\n  alertmanagers:\n  - scheme: http\n    static_configs:\n    - targets:\n      - alertmanager.monitoring.svc:9093\nscrape_configs:\n- job_name: kubernetes-apiservers\n  kubernetes_sd_configs:\n  - role: endpoints\n  scheme: https\n  tls_config:\n    ca_file: \"/var/run/secrets/kubernetes.io/serviceaccount/ca.crt\"\n  bearer_token_file: \"/var/run/secrets/kubernetes.io/serviceaccount/token\"\n  relabel_configs:\n  - source_labels:\n    - __meta_kubernetes_namespace\n    - __meta_kubernetes_service_name\n    - __meta_kubernetes_endpoint_port_name\n    action: keep\n    regex: default;kubernetes;https\n- job_name: kubernetes-nodes\n  scheme: https\n  tls_config:\n    ca_file: \"/var/run/secrets/kubernetes.io/serviceaccount/ca.crt\"\n  bearer_token_file: \"/var/run/secrets/kubernetes.io/serviceaccount/token\"\n  kubernetes_sd_configs:\n  - role: node\n  relabel_configs:\n  - action: labelmap\n    regex: __meta_kubernetes_node_label_(.+)\n  - target_label: __address__\n    replacement: kubernetes.default.svc:443\n  - source_labels:\n    - __meta_kubernetes_node_name\n    regex: \"(.+)\"\n    target_label: __metrics_path__\n    replacement: \"/api/v1/nodes/${1}/proxy/metrics\"\n- job_name: kubernetes-pods\n  kubernetes_sd_configs:\n  - role: pod\n  relabel_configs:\n  - source_labels:\n    - __meta_kubernetes_pod_annotation_prometheus_io_scrape\n    action: keep\n    regex: true\n  - source_labels:\n    - __meta_kubernetes_pod_annotation_prometheus_io_path\n    action: replace\n    target_label: __metrics_path__\n    regex: \"(.+)\"\n  - source_labels:\n    - __address__\n    - __meta_kubernetes_pod_annotation_prometheus_io_port\n    action: replace\n    regex: \"([^:]+)(?::\\\\d+)?;(\\\\d+)\"\n    replacement: \"$1:$2\"\n    target_label: __address__\n  - action: labelmap\n    regex: __meta_kubernetes_pod_label_(.+)\n  - source_labels:\n    - __meta_kubernetes_namespace\n    action: replace\n    target_label: kubernetes_namespace\n  - source_labels:\n    - __meta_kubernetes_pod_name\n    action: replace\n    target_label: kubernetes_pod_name\n- job_name: kube-state-metrics\n  static_configs:\n  - targets:\n    - kube-state-metrics.kube-system.svc.cluster.local:8080\n- job_name: kubernetes-cadvisor\n  scheme: https\n  tls_config:\n    ca_file: \"/var/run/secrets/kubernetes.io/serviceaccount/ca.crt\"\n  bearer_token_file: \"/var/run/secrets/kubernetes.io/serviceaccount/token\"\n  kubernetes_sd_configs:\n  - role: node\n  relabel_configs:\n  - action: labelmap\n    regex: __meta_kubernetes_node_label_(.+)\n  - target_label: __address__\n    replacement: kubernetes.default.svc:443\n  - source_labels:\n    - __meta_kubernetes_node_name\n    regex: \"(.+)\"\n    target_label: __metrics_path__\n    replacement: \"/api/v1/nodes/${1}/proxy/metrics/cadvisor\"\n- job_name: kubernetes-service-endpoints\n  kubernetes_sd_configs:\n  - role: endpoints\n  relabel_configs:\n  - source_labels:\n    - __meta_kubernetes_service_annotation_prometheus_io_scrape\n    action: keep\n    regex: true\n  - source_labels:\n    - __meta_kubernetes_service_annotation_prometheus_io_scheme\n    action: replace\n    target_label: __scheme__\n    regex: \"(https?)\"\n  - source_labels:\n    - __meta_kubernetes_service_annotation_prometheus_io_path\n    action: replace\n    target_label: __metrics_path__\n    regex: \"(.+)\"\n  - source_labels:\n    - __address__\n    - __meta_kubernetes_service_annotation_prometheus_io_port\n    action: replace\n    target_label: __address__\n    regex: \"([^:]+)(?::\\\\d+)?;(\\\\d+)\"\n    replacement: \"$1:$2\"\n  - action: labelmap\n    regex: __meta_kubernetes_service_label_(.+)\n  - source_labels:\n    - __meta_kubernetes_namespace\n    action: replace\n    target_label: kubernetes_namespace\n  - source_labels:\n    - __meta_kubernetes_service_name\n    action: replace\n    target_label: kubernetes_name"
            },
            "id": "monitoring/prometheus-server-conf",
            "metadata": [
              {
                "annotations": {},
                "generate_name": "",
                "generation": 0,
                "labels": {
                  "name": "prometheus-server-conf"
                },
                "name": "prometheus-server-conf",
                "namespace": "monitoring",
                "resource_version": "1238",
                "uid": "39899121-4bd1-45e2-8697-c608fc56047f"
              }
            ]
          },
          "sensitive_attributes": [],
          "private": "bnVsbA==",
          "dependencies": [
            "azurerm_kubernetes_cluster.aks",
            "azurerm_resource_group.aks-rg"
          ]
        }
      ]
    },
    {
      "module": "module.prometheus",
      "mode": "managed",
      "type": "kubernetes_deployment",
      "name": "deployment",
      "provider": "provider[\"registry.terraform.io/hashicorp/kubernetes\"]",
      "instances": [
        {
          "schema_version": 1,
          "attributes": {
            "id": "monitoring/prometheus-deployment",
            "metadata": [
              {
                "annotations": {
                  "configmap.reloader.stakater.com/reload": "prometheus-server-conf"
                },
                "generate_name": "",
                "generation": 1,
                "labels": {
                  "app": "prometheus-server"
                },
                "name": "prometheus-deployment",
                "namespace": "monitoring",
                "resource_version": "34348",
                "uid": "ddb9eb2f-e312-4a96-9749-dd643a8089f9"
              }
            ],
            "spec": [
              {
                "min_ready_seconds": 0,
                "paused": false,
                "progress_deadline_seconds": 600,
                "replicas": "1",
                "revision_history_limit": 10,
                "selector": [
                  {
                    "match_expressions": [],
                    "match_labels": {
                      "app": "prometheus-server"
                    }
                  }
                ],
                "strategy": [
                  {
                    "rolling_update": [
                      {
                        "max_surge": "1",
                        "max_unavailable": "33%"
                      }
                    ],
                    "type": "RollingUpdate"
                  }
                ],
                "template": [
                  {
                    "metadata": [
                      {
                        "annotations": {},
                        "generate_name": "",
                        "generation": 0,
                        "labels": {
                          "app": "prometheus-server"
                        },
                        "name": "",
                        "namespace": "",
                        "resource_version": "",
                        "uid": ""
                      }
                    ],
                    "spec": [
                      {
                        "active_deadline_seconds": 0,
                        "affinity": [],
                        "automount_service_account_token": true,
                        "container": [
                          {
                            "args": [
                              "--config.file=/etc/prometheus/prometheus.yml",
                              "--storage.tsdb.path=/prometheus/"
                            ],
                            "command": [],
                            "env": [],
                            "env_from": [],
                            "image": "prom/prometheus:latest",
                            "image_pull_policy": "Always",
                            "lifecycle": [],
                            "liveness_probe": [],
                            "name": "prometheus",
                            "port": [
                              {
                                "container_port": 9090,
                                "host_ip": "",
                                "host_port": 0,
                                "name": "",
                                "protocol": "TCP"
                              }
                            ],
                            "readiness_probe": [],
                            "resources": [
                              {
                                "limits": null,
                                "requests": null
                              }
                            ],
                            "security_context": [],
                            "startup_probe": [],
                            "stdin": false,
                            "stdin_once": false,
                            "termination_message_path": "/dev/termination-log",
                            "termination_message_policy": "File",
                            "tty": false,
                            "volume_mount": [
                              {
                                "mount_path": "/etc/prometheus/",
                                "mount_propagation": "None",
                                "name": "prometheus-config-volume",
                                "read_only": false,
                                "sub_path": ""
                              },
                              {
                                "mount_path": "/prometheus/",
                                "mount_propagation": "None",
                                "name": "prometheus-storage-volume",
                                "read_only": false,
                                "sub_path": ""
                              }
                            ],
                            "working_dir": ""
                          }
                        ],
                        "dns_config": [],
                        "dns_policy": "ClusterFirst",
                        "enable_service_links": true,
                        "host_aliases": [],
                        "host_ipc": false,
                        "host_network": false,
                        "host_pid": false,
                        "hostname": "",
                        "image_pull_secrets": [],
                        "init_container": [],
                        "node_name": "",
                        "node_selector": {},
                        "priority_class_name": "",
                        "readiness_gate": [],
                        "restart_policy": "Always",
                        "security_context": [
                          {
                            "fs_group": "472",
                            "run_as_group": "",
                            "run_as_non_root": false,
                            "run_as_user": "",
                            "se_linux_options": [],
                            "supplemental_groups": [],
                            "sysctl": []
                          }
                        ],
                        "service_account_name": "",
                        "share_process_namespace": false,
                        "subdomain": "",
                        "termination_grace_period_seconds": 30,
                        "toleration": [],
                        "topology_spread_constraint": [],
                        "volume": [
                          {
                            "aws_elastic_block_store": [],
                            "azure_disk": [],
                            "azure_file": [],
                            "ceph_fs": [],
                            "cinder": [],
                            "config_map": [
                              {
                                "default_mode": "0644",
                                "items": [],
                                "name": "prometheus-server-conf",
                                "optional": false
                              }
                            ],
                            "csi": [],
                            "downward_api": [],
                            "empty_dir": [],
                            "fc": [],
                            "flex_volume": [],
                            "flocker": [],
                            "gce_persistent_disk": [],
                            "git_repo": [],
                            "glusterfs": [],
                            "host_path": [],
                            "iscsi": [],
                            "local": [],
                            "name": "prometheus-config-volume",
                            "nfs": [],
                            "persistent_volume_claim": [],
                            "photon_persistent_disk": [],
                            "projected": [],
                            "quobyte": [],
                            "rbd": [],
                            "secret": [],
                            "vsphere_volume": []
                          },
                          {
                            "aws_elastic_block_store": [],
                            "azure_disk": [],
                            "azure_file": [],
                            "ceph_fs": [],
                            "cinder": [],
                            "config_map": [],
                            "csi": [],
                            "downward_api": [],
                            "empty_dir": [
                              {
                                "medium": "",
                                "size_limit": ""
                              }
                            ],
                            "fc": [],
                            "flex_volume": [],
                            "flocker": [],
                            "gce_persistent_disk": [],
                            "git_repo": [],
                            "glusterfs": [],
                            "host_path": [],
                            "iscsi": [],
                            "local": [],
                            "name": "prometheus-storage-volume",
                            "nfs": [],
                            "persistent_volume_claim": [],
                            "photon_persistent_disk": [],
                            "projected": [],
                            "quobyte": [],
                            "rbd": [],
                            "secret": [],
                            "vsphere_volume": []
                          }
                        ]
                      }
                    ]
                  }
                ]
              }
            ],
            "timeouts": null,
            "wait_for_rollout": true
          },
          "sensitive_attributes": [],
          "private": "eyJlMmJmYjczMC1lY2FhLTExZTYtOGY4OC0zNDM2M2JjN2M0YzAiOnsiY3JlYXRlIjo2MDAwMDAwMDAwMDAsImRlbGV0ZSI6NjAwMDAwMDAwMDAwLCJ1cGRhdGUiOjYwMDAwMDAwMDAwMH0sInNjaGVtYV92ZXJzaW9uIjoiMSJ9",
          "dependencies": [
            "azurerm_kubernetes_cluster.aks",
            "module.prometheus.kubernetes_config_map.configmap"
          ]
        }
      ]
    },
    {
      "module": "module.prometheus",
      "mode": "managed",
      "type": "kubernetes_service",
      "name": "service",
      "provider": "provider[\"registry.terraform.io/hashicorp/kubernetes\"]",
      "instances": [
        {
          "schema_version": 1,
          "attributes": {
            "id": "monitoring/prometheus-service",
            "metadata": [
              {
                "annotations": {
                  "prometheus.io/port": "9090",
                  "prometheus.io/scrape": "true"
                },
                "generate_name": "",
                "generation": 0,
                "labels": {},
                "name": "prometheus-service",
                "namespace": "monitoring",
                "resource_version": "1241",
                "uid": "240513ab-9d74-4b7d-a123-5ea714a765db"
              }
            ],
            "spec": [
              {
                "cluster_ip": "10.0.243.168",
                "external_ips": [],
                "external_name": "",
                "external_traffic_policy": "Cluster",
                "health_check_node_port": 0,
                "load_balancer_ip": "",
                "load_balancer_source_ranges": [],
                "port": [
                  {
                    "name": "",
                    "node_port": 30000,
                    "port": 8080,
                    "protocol": "TCP",
                    "target_port": "9090"
                  }
                ],
                "publish_not_ready_addresses": false,
                "selector": {
                  "app": "prometheus-server"
                },
                "session_affinity": "None",
                "type": "NodePort"
              }
            ],
            "status": [
              {
                "load_balancer": [
                  {
                    "ingress": []
                  }
                ]
              }
            ],
            "timeouts": null,
            "wait_for_load_balancer": true
          },
          "sensitive_attributes": [],
          "private": "eyJlMmJmYjczMC1lY2FhLTExZTYtOGY4OC0zNDM2M2JjN2M0YzAiOnsiY3JlYXRlIjo2MDAwMDAwMDAwMDB9LCJzY2hlbWFfdmVyc2lvbiI6IjEifQ==",
          "dependencies": [
            "azurerm_kubernetes_cluster.aks",
            "azurerm_resource_group.aks-rg"
          ]
        }
      ]
    }
  ]
}
